// !$*UTF8*$!
{
	archiveVersion = 1;
	classes = {
	};
	objectVersion = 46;
	objects = {

/* Begin PBXAggregateTarget section */
		0822205BE1B9DA64614D1FE8 /* ALL_BUILD */ = {
			isa = PBXAggregateTarget;
			buildConfigurationList = F4CE233B5E5142B1BE12DCA3 /* Build configuration list for PBXAggregateTarget "ALL_BUILD" */;
			buildPhases = (
				F619A84BD0CF3930A213571D /* Generate CMakeFiles/ALL_BUILD */,
			);
			dependencies = (
				4F427E1903A042E6AED7DD89 /* PBXTargetDependency */,
				4806EAAF0F3D4E17BFC288A2 /* PBXTargetDependency */,
			);
			name = ALL_BUILD;
			productName = ALL_BUILD;
		};
		72A32CF64FA43F321408B954 /* ZERO_CHECK */ = {
			isa = PBXAggregateTarget;
			buildConfigurationList = 9513F305ADAA42BBABAB204C /* Build configuration list for PBXAggregateTarget "ZERO_CHECK" */;
			buildPhases = (
				473A08349CF8458F1CA9015E /* Generate CMakeFiles/ZERO_CHECK */,
			);
			dependencies = (
			);
			name = ZERO_CHECK;
			productName = ZERO_CHECK;
		};
		97DF8839B28C64A0356511F0 /* install */ = {
			isa = PBXAggregateTarget;
			buildConfigurationList = 17BAB6C84BB345CF95C27CA0 /* Build configuration list for PBXAggregateTarget "install" */;
			buildPhases = (
				93426DA6A4AC2C2AC9CE883C /* CMake PostBuild Rules */,
			);
			dependencies = (
				E48C0AE9F3334EE595D492E4 /* PBXTargetDependency */,
			);
			name = install;
			productName = install;
		};
/* End PBXAggregateTarget section */

/* Begin PBXBuildFile section */
		0A6ED0667A854A4B8407771A /* /Users/alex/Documents/JUCE/modules/juce_graphics/juce_graphics_Harfbuzz.cpp */ = {isa = PBXBuildFile; fileRef = 6C2307C40ACE4D9C818D2877 /* /Users/alex/Documents/JUCE/modules/juce_graphics/juce_graphics_Harfbuzz.cpp */; };
		1108D9CA222748C7921028D9 /* /Users/alex/Documents/JUCE/modules/juce_core/juce_core_CompilationTime.cpp */ = {isa = PBXBuildFile; fileRef = E4190AD226D64DC8986E6642 /* /Users/alex/Documents/JUCE/modules/juce_core/juce_core_CompilationTime.cpp */; };
		3FE761FF01494164A4A246D8 /* /Users/alex/Documents/JUCE/extras/Build/juce_build_tools/juce_build_tools.cpp */ = {isa = PBXBuildFile; fileRef = FEFAA940F22E4C7EB4C6A34C /* /Users/alex/Documents/JUCE/extras/Build/juce_build_tools/juce_build_tools.cpp */; };
		4DDD5459D33A45638D2C7A43 /* /Users/alex/Documents/JUCE/modules/juce_gui_basics/juce_gui_basics.mm */ = {isa = PBXBuildFile; fileRef = 75B8268D4D46459786E9B918 /* /Users/alex/Documents/JUCE/modules/juce_gui_basics/juce_gui_basics.mm */; };
		704C674EB131462BB0F25723 /* /Users/alex/Documents/JUCE/modules/juce_graphics/juce_graphics.mm */ = {isa = PBXBuildFile; fileRef = 3A2CBDECD346474E9DA457CD /* /Users/alex/Documents/JUCE/modules/juce_graphics/juce_graphics.mm */; };
		7D7C9FDBFFD04280B81FE30D /* /Users/alex/Documents/JUCE/modules/juce_graphics/juce_graphics_Sheenbidi.c */ = {isa = PBXBuildFile; fileRef = AE0769C1C7BC40ADA200F4CF /* /Users/alex/Documents/JUCE/modules/juce_graphics/juce_graphics_Sheenbidi.c */; };
		7EF3FD983EF54BFD94D7743A /* /Users/alex/Documents/JUCE/modules/juce_core/juce_core.mm */ = {isa = PBXBuildFile; fileRef = 42B65031B7CE4CE2B1ADD2B5 /* /Users/alex/Documents/JUCE/modules/juce_core/juce_core.mm */; };
		81139A339DFF413490E93825 /* /Users/alex/Documents/JUCE/modules/juce_events/juce_events.mm */ = {isa = PBXBuildFile; fileRef = 4CE51021CF9E42379885024B /* /Users/alex/Documents/JUCE/modules/juce_events/juce_events.mm */; };
		B5D2547ABD8F4F659A975C5C /* /Applications/Xcode.app/Contents/Developer/Platforms/MacOSX.platform/Developer/SDKs/MacOSX26.2.sdk/System/Library/Frameworks/IOKit.framework */ = {isa = PBXBuildFile; fileRef = A93B178D63684E2092CDF68C /* /Applications/Xcode.app/Contents/Developer/Platforms/MacOSX.platform/Developer/SDKs/MacOSX26.2.sdk/System/Library/Frameworks/IOKit.framework */; };
		B5D34A47B16F4E9EA893E74A /* /Applications/Xcode.app/Contents/Developer/Platforms/MacOSX.platform/Developer/SDKs/MacOSX26.2.sdk/System/Library/Frameworks/QuartzCore.framework */ = {isa = PBXBuildFile; fileRef = 5377147BA12A4063B9D24BDA /* /Applications/Xcode.app/Contents/Developer/Platforms/MacOSX.platform/Developer/SDKs/MacOSX26.2.sdk/System/Library/Frameworks/QuartzCore.framework */; };
		CCE918DB51B34B7E95612320 /* /Applications/Xcode.app/Contents/Developer/Platforms/MacOSX.platform/Developer/SDKs/MacOSX26.2.sdk/System/Library/Frameworks/Security.framework */ = {isa = PBXBuildFile; fileRef = 49E5DB175A1441719FCBA3B7 /* /Applications/Xcode.app/Contents/Developer/Platforms/MacOSX.platform/Developer/SDKs/MacOSX26.2.sdk/System/Library/Frameworks/Security.framework */; };
		DF018A8EB8CC40B48F7C20A0 /* /Users/alex/Documents/JUCE/modules/juce_data_structures/juce_data_structures.mm */ = {isa = PBXBuildFile; fileRef = 0412676DAE2C425D9F8C8797 /* /Users/alex/Documents/JUCE/modules/juce_data_structures/juce_data_structures.mm */; };
		EBC1501A08734A66BBD34F00 /* /Applications/Xcode.app/Contents/Developer/Platforms/MacOSX.platform/Developer/SDKs/MacOSX26.2.sdk/System/Library/Frameworks/Cocoa.framework */ = {isa = PBXBuildFile; fileRef = 34E6F7ED07CB43B88DBDEFF9 /* /Applications/Xcode.app/Contents/Developer/Platforms/MacOSX.platform/Developer/SDKs/MacOSX26.2.sdk/System/Library/Frameworks/Cocoa.framework */; };
		F92E3C973B9C4CA2A52CE6B3 /* /Users/alex/Documents/JUCE/extras/Build/juceaide/CMakeLists.txt */ = {isa = PBXBuildFile; fileRef = 1BEFD1C739C9444FB08771F5 /* /Users/alex/Documents/JUCE/extras/Build/juceaide/CMakeLists.txt */; };
		FDA58EA00D28456A9ED4BCD9 /* /Applications/Xcode.app/Contents/Developer/Platforms/MacOSX.platform/Developer/SDKs/MacOSX26.2.sdk/System/Library/Frameworks/Foundation.framework */ = {isa = PBXBuildFile; fileRef = 781A6ED82E044298AF339356 /* /Applications/Xcode.app/Contents/Developer/Platforms/MacOSX.platform/Developer/SDKs/MacOSX26.2.sdk/System/Library/Frameworks/Foundation.framework */; };
		FFB1BD19CDC347EABAC159F2 /* /Users/alex/Documents/JUCE/extras/Build/juceaide/Main.cpp */ = {isa = PBXBuildFile; fileRef = 852E0219C5F343A5842A2A1F /* /Users/alex/Documents/JUCE/extras/Build/juceaide/Main.cpp */; };
/* End PBXBuildFile section */

/* Begin PBXBuildStyle section */
		39878C4415B54FE8B54C04CB /* Custom */ = {
			isa = PBXBuildStyle;
			buildSettings = {
				COPY_PHASE_STRIP = NO;
			};
			name = Custom;
		};
/* End PBXBuildStyle section */

/* Begin PBXContainerItemProxy section */
		0461C17055E34921943BE2CD /* PBXContainerItemProxy */ = {
			isa = PBXContainerItemProxy;
			containerPortal = F6D1CBD152B5454A8F61779A /* Project object */;
			proxyType = 1;
			remoteGlobalIDString = CEE75BB69C85C9BCBA6ECC35;
			remoteInfo = juceaide;
		};
		2A05C559123346E7BD7D63A5 /* PBXContainerItemProxy */ = {
			isa = PBXContainerItemProxy;
			containerPortal = F6D1CBD152B5454A8F61779A /* Project object */;
			proxyType = 1;
			remoteGlobalIDString = 72A32CF64FA43F321408B954;
			remoteInfo = ZERO_CHECK;
		};
		C2D5E89BA3B74FADACD2E300 /* PBXContainerItemProxy */ = {
			isa = PBXContainerItemProxy;
			containerPortal = F6D1CBD152B5454A8F61779A /* Project object */;
			proxyType = 1;
			remoteGlobalIDString = 0822205BE1B9DA64614D1FE8;
			remoteInfo = ALL_BUILD;
		};
		D9EC5E9669304CE1B0D15AC0 /* PBXContainerItemProxy */ = {
			isa = PBXContainerItemProxy;
			containerPortal = F6D1CBD152B5454A8F61779A /* Project object */;
			proxyType = 1;
			remoteGlobalIDString = 72A32CF64FA43F321408B954;
			remoteInfo = ZERO_CHECK;
		};
/* End PBXContainerItemProxy section */

/* Begin PBXFileReference section */
		0412676DAE2C425D9F8C8797 /* /Users/alex/Documents/JUCE/modules/juce_data_structures/juce_data_structures.mm */ = {isa = PBXFileReference; explicitFileType = sourcecode.cpp.objcpp; fileEncoding = 4; name = juce_data_structures.mm; path = modules/juce_data_structures/juce_data_structures.mm; sourceTree = SOURCE_ROOT; };
		1BEFD1C739C9444FB08771F5 /* /Users/alex/Documents/JUCE/extras/Build/juceaide/CMakeLists.txt */ = {isa = PBXFileReference; explicitFileType = sourcecode.text; fileEncoding = 4; name = CMakeLists.txt; path = extras/Build/juceaide/CMakeLists.txt; sourceTree = SOURCE_ROOT; };
		34E6F7ED07CB43B88DBDEFF9 /* /Applications/Xcode.app/Contents/Developer/Platforms/MacOSX.platform/Developer/SDKs/MacOSX26.2.sdk/System/Library/Frameworks/Cocoa.framework */ = {isa = PBXFileReference; fileEncoding = 4; lastKnownFileType = wrapper.framework; name = Cocoa.framework; path = /Applications/Xcode.app/Contents/Developer/Platforms/MacOSX.platform/Developer/SDKs/MacOSX26.2.sdk/System/Library/Frameworks/Cocoa.framework; sourceTree = "<absolute>"; };
		3A2CBDECD346474E9DA457CD /* /Users/alex/Documents/JUCE/modules/juce_graphics/juce_graphics.mm */ = {isa = PBXFileReference; explicitFileType = sourcecode.cpp.objcpp; fileEncoding = 4; name = juce_graphics.mm; path = modules/juce_graphics/juce_graphics.mm; sourceTree = SOURCE_ROOT; };
		42B65031B7CE4CE2B1ADD2B5 /* /Users/alex/Documents/JUCE/modules/juce_core/juce_core.mm */ = {isa = PBXFileReference; explicitFileType = sourcecode.cpp.objcpp; fileEncoding = 4; name = juce_core.mm; path = modules/juce_core/juce_core.mm; sourceTree = SOURCE_ROOT; };
		460A61C98E484E248BA0614B /* /Users/alex/Documents/JUCE/CMakeLists.txt */ = {isa = PBXFileReference; explicitFileType = sourcecode.text; fileEncoding = 4; name = CMakeLists.txt; path = CMakeLists.txt; sourceTree = SOURCE_ROOT; };
		49E5DB175A1441719FCBA3B7 /* /Applications/Xcode.app/Contents/Developer/Platforms/MacOSX.platform/Developer/SDKs/MacOSX26.2.sdk/System/Library/Frameworks/Security.framework */ = {isa = PBXFileReference; fileEncoding = 4; lastKnownFileType = wrapper.framework; name = Security.framework; path = /Applications/Xcode.app/Contents/Developer/Platforms/MacOSX.platform/Developer/SDKs/MacOSX26.2.sdk/System/Library/Frameworks/Security.framework; sourceTree = "<absolute>"; };
		4CE51021CF9E42379885024B /* /Users/alex/Documents/JUCE/modules/juce_events/juce_events.mm */ = {isa = PBXFileReference; explicitFileType = sourcecode.cpp.objcpp; fileEncoding = 4; name = juce_events.mm; path = modules/juce_events/juce_events.mm; sourceTree = SOURCE_ROOT; };
		5377147BA12A4063B9D24BDA /* /Applications/Xcode.app/Contents/Developer/Platforms/MacOSX.platform/Developer/SDKs/MacOSX26.2.sdk/System/Library/Frameworks/QuartzCore.framework */ = {isa = PBXFileReference; fileEncoding = 4; lastKnownFileType = wrapper.framework; name = QuartzCore.framework; path = /Applications/Xcode.app/Contents/Developer/Platforms/MacOSX.platform/Developer/SDKs/MacOSX26.2.sdk/System/Library/Frameworks/QuartzCore.framework; sourceTree = "<absolute>"; };
		6C2307C40ACE4D9C818D2877 /* /Users/alex/Documents/JUCE/modules/juce_graphics/juce_graphics_Harfbuzz.cpp */ = {isa = PBXFileReference; explicitFileType = sourcecode.cpp.cpp; fileEncoding = 4; name = juce_graphics_Harfbuzz.cpp; path = modules/juce_graphics/juce_graphics_Harfbuzz.cpp; sourceTree = SOURCE_ROOT; };
		75B8268D4D46459786E9B918 /* /Users/alex/Documents/JUCE/modules/juce_gui_basics/juce_gui_basics.mm */ = {isa = PBXFileReference; explicitFileType = sourcecode.cpp.objcpp; fileEncoding = 4; name = juce_gui_basics.mm; path = modules/juce_gui_basics/juce_gui_basics.mm; sourceTree = SOURCE_ROOT; };
		781A6ED82E044298AF339356 /* /Applications/Xcode.app/Contents/Developer/Platforms/MacOSX.platform/Developer/SDKs/MacOSX26.2.sdk/System/Library/Frameworks/Foundation.framework */ = {isa = PBXFileReference; fileEncoding = 4; lastKnownFileType = wrapper.framework; name = Foundation.framework; path = /Applications/Xcode.app/Contents/Developer/Platforms/MacOSX.platform/Developer/SDKs/MacOSX26.2.sdk/System/Library/Frameworks/Foundation.framework; sourceTree = "<absolute>"; };
		852E0219C5F343A5842A2A1F /* /Users/alex/Documents/JUCE/extras/Build/juceaide/Main.cpp */ = {isa = PBXFileReference; explicitFileType = sourcecode.cpp.cpp; fileEncoding = 4; name = Main.cpp; path = extras/Build/juceaide/Main.cpp; sourceTree = SOURCE_ROOT; };
		A93B178D63684E2092CDF68C /* /Applications/Xcode.app/Contents/Developer/Platforms/MacOSX.platform/Developer/SDKs/MacOSX26.2.sdk/System/Library/Frameworks/IOKit.framework */ = {isa = PBXFileReference; fileEncoding = 4; lastKnownFileType = wrapper.framework; name = IOKit.framework; path = /Applications/Xcode.app/Contents/Developer/Platforms/MacOSX.platform/Developer/SDKs/MacOSX26.2.sdk/System/Library/Frameworks/IOKit.framework; sourceTree = "<absolute>"; };
		AE0769C1C7BC40ADA200F4CF /* /Users/alex/Documents/JUCE/modules/juce_graphics/juce_graphics_Sheenbidi.c */ = {isa = PBXFileReference; explicitFileType = sourcecode.c.c; fileEncoding = 4; name = juce_graphics_Sheenbidi.c; path = modules/juce_graphics/juce_graphics_Sheenbidi.c; sourceTree = SOURCE_ROOT; };
		E4190AD226D64DC8986E6642 /* /Users/alex/Documents/JUCE/modules/juce_core/juce_core_CompilationTime.cpp */ = {isa = PBXFileReference; explicitFileType = sourcecode.cpp.cpp; fileEncoding = 4; name = juce_core_CompilationTime.cpp; path = modules/juce_core/juce_core_CompilationTime.cpp; sourceTree = SOURCE_ROOT; };
		F4246F22E0644A638E4AD1FC /* juceaide */ = {isa = PBXFileReference; explicitFileType = "compiled.mach-o.executable"; path = juceaide; sourceTree = BUILT_PRODUCTS_DIR; };
		FEFAA940F22E4C7EB4C6A34C /* /Users/alex/Documents/JUCE/extras/Build/juce_build_tools/juce_build_tools.cpp */ = {isa = PBXFileReference; explicitFileType = sourcecode.cpp.cpp; fileEncoding = 4; name = juce_build_tools.cpp; path = extras/Build/juce_build_tools/juce_build_tools.cpp; sourceTree = SOURCE_ROOT; };
/* End PBXFileReference section */

/* Begin PBXFrameworksBuildPhase section */
		552564F466044485A6AE49D3 /* Frameworks */ = {
			isa = PBXFrameworksBuildPhase;
			buildActionMask = 2147483647;
			files = (
			);
			runOnlyForDeploymentPostprocessing = 0;
		};
/* End PBXFrameworksBuildPhase section */

/* Begin PBXGroup section */
		24B33EC842044368803B42E0 /* Resources */ = {
			isa = PBXGroup;
			children = (
			);
			name = Resources;
			sourceTree = "<group>";
		};
		B5A5B3F1DED2408D89DD1C62 = {
			isa = PBXGroup;
			children = (
				F4AA9143F39F45BDB0292636 /* ALL_BUILD */,
				D641C3EC4C974EB887C26A37 /* juceaide */,
				DEC4B6247B6A46319598F9A4 /* Products */,
				C3C12E5F596E48CC99E28844 /* Frameworks */,
				24B33EC842044368803B42E0 /* Resources */,
			);
			sourceTree = "<group>";
		};
		C3C12E5F596E48CC99E28844 /* Frameworks */ = {
			isa = PBXGroup;
			children = (
				5377147BA12A4063B9D24BDA /* /Applications/Xcode.app/Contents/Developer/Platforms/MacOSX.platform/Developer/SDKs/MacOSX26.2.sdk/System/Library/Frameworks/QuartzCore.framework */,
				34E6F7ED07CB43B88DBDEFF9 /* /Applications/Xcode.app/Contents/Developer/Platforms/MacOSX.platform/Developer/SDKs/MacOSX26.2.sdk/System/Library/Frameworks/Cocoa.framework */,
				781A6ED82E044298AF339356 /* /Applications/Xcode.app/Contents/Developer/Platforms/MacOSX.platform/Developer/SDKs/MacOSX26.2.sdk/System/Library/Frameworks/Foundation.framework */,
				A93B178D63684E2092CDF68C /* /Applications/Xcode.app/Contents/Developer/Platforms/MacOSX.platform/Developer/SDKs/MacOSX26.2.sdk/System/Library/Frameworks/IOKit.framework */,
				49E5DB175A1441719FCBA3B7 /* /Applications/Xcode.app/Contents/Developer/Platforms/MacOSX.platform/Developer/SDKs/MacOSX26.2.sdk/System/Library/Frameworks/Security.framework */,
			);
			name = Frameworks;
			sourceTree = "<group>";
		};
		D641C3EC4C974EB887C26A37 /* juceaide */ = {
			isa = PBXGroup;
			children = (
				ED2EBCF5BE384DE78DEAE962 /* Source Files */,
				1BEFD1C739C9444FB08771F5 /* /Users/alex/Documents/JUCE/extras/Build/juceaide/CMakeLists.txt */,
			);
			name = juceaide;
			sourceTree = "<group>";
		};
		DEC4B6247B6A46319598F9A4 /* Products */ = {
			isa = PBXGroup;
			children = (
				F4246F22E0644A638E4AD1FC /* juceaide */,
			);
			name = Products;
			sourceTree = "<group>";
		};
		ED2EBCF5BE384DE78DEAE962 /* Source Files */ = {
			isa = PBXGroup;
			children = (
				FEFAA940F22E4C7EB4C6A34C /* /Users/alex/Documents/JUCE/extras/Build/juce_build_tools/juce_build_tools.cpp */,
				852E0219C5F343A5842A2A1F /* /Users/alex/Documents/JUCE/extras/Build/juceaide/Main.cpp */,
				42B65031B7CE4CE2B1ADD2B5 /* /Users/alex/Documents/JUCE/modules/juce_core/juce_core.mm */,
				E4190AD226D64DC8986E6642 /* /Users/alex/Documents/JUCE/modules/juce_core/juce_core_CompilationTime.cpp */,
				0412676DAE2C425D9F8C8797 /* /Users/alex/Documents/JUCE/modules/juce_data_structures/juce_data_structures.mm */,
				4CE51021CF9E42379885024B /* /Users/alex/Documents/JUCE/modules/juce_events/juce_events.mm */,
				3A2CBDECD346474E9DA457CD /* /Users/alex/Documents/JUCE/modules/juce_graphics/juce_graphics.mm */,
				6C2307C40ACE4D9C818D2877 /* /Users/alex/Documents/JUCE/modules/juce_graphics/juce_graphics_Harfbuzz.cpp */,
				AE0769C1C7BC40ADA200F4CF /* /Users/alex/Documents/JUCE/modules/juce_graphics/juce_graphics_Sheenbidi.c */,
				75B8268D4D46459786E9B918 /* /Users/alex/Documents/JUCE/modules/juce_gui_basics/juce_gui_basics.mm */,
			);
			name = "Source Files";
			sourceTree = "<group>";
		};
		F05116F4A4EA4D79B8591F63 /* CMake Rules */ = {
			isa = PBXGroup;
			children = (
			);
			name = "CMake Rules";
			sourceTree = "<group>";
		};
		F4AA9143F39F45BDB0292636 /* ALL_BUILD */ = {
			isa = PBXGroup;
			children = (
				F05116F4A4EA4D79B8591F63 /* CMake Rules */,
				460A61C98E484E248BA0614B /* /Users/alex/Documents/JUCE/CMakeLists.txt */,
			);
			name = ALL_BUILD;
			sourceTree = "<group>";
		};
/* End PBXGroup section */

/* Begin PBXNativeTarget section */
		CEE75BB69C85C9BCBA6ECC35 /* juceaide */ = {
			isa = PBXNativeTarget;
			buildConfigurationList = 1C71AA84C54D4ADB888A9F14 /* Build configuration list for PBXNativeTarget "juceaide" */;
			buildPhases = (
				321007A6245947ABAEB39FFF /* Sources */,
				552564F466044485A6AE49D3 /* Frameworks */,
			);
			buildRules = (
			);
			dependencies = (
				9EB1B5F532FB422E93098B82 /* PBXTargetDependency */,
			);
			name = juceaide;
			productName = juceaide;
			productReference = F4246F22E0644A638E4AD1FC /* juceaide */;
			productType = "com.apple.product-type.tool";
		};
/* End PBXNativeTarget section */

/* Begin PBXProject section */
		F6D1CBD152B5454A8F61779A /* Project object */ = {
			isa = PBXProject;
			attributes = {
				BuildIndependentTargetsInParallel = YES;
				LastUpgradeCheck = 2630;
			};
			buildConfigurationList = E761867E2059484594DD4E23 /* Build configuration list for PBXProject "JUCE" */;
			buildSettings = {
			};
			buildStyles = (
				39878C4415B54FE8B54C04CB /* Custom */,
			);
			compatibilityVersion = "Xcode 3.2";
			hasScannedForEncodings = 0;
			mainGroup = B5A5B3F1DED2408D89DD1C62;
			projectDirPath = /Users/alex/Documents/JUCE;
			projectRoot = "";
			targets = (
				0822205BE1B9DA64614D1FE8 /* ALL_BUILD */,
				97DF8839B28C64A0356511F0 /* install */,
				CEE75BB69C85C9BCBA6ECC35 /* juceaide */,
				72A32CF64FA43F321408B954 /* ZERO_CHECK */,
			);
		};
/* End PBXProject section */

/* Begin PBXShellScriptBuildPhase section */
		3C0110FC8322DE7E50886E21 = {
			isa = PBXShellScriptBuildPhase;
			buildActionMask = 2147483647;
			files = (
			);
			inputPaths = (
			);
			outputPaths = (
			);
			runOnlyForDeploymentPostprocessing = 0;
			shellPath = /bin/sh;
			shellScript = "# shell script goes here
exit 0";
			showEnvVarsInLog = 0;
		};
		473A08349CF8458F1CA9015E /* Generate CMakeFiles/ZERO_CHECK */ = {
			isa = PBXShellScriptBuildPhase;
			alwaysOutOfDate = 1;
			buildActionMask = 2147483647;
			files = (
			);
			inputPaths = (
			);
			name = "Generate CMakeFiles/ZERO_CHECK";
			outputPaths = (
"/Users/alex/Documents/Github/round-robin-lite/NewProject/Builds/MacOSX/JUCE/tools/CMakeFiles/ZERO_CHECK"			);
			runOnlyForDeploymentPostprocessing = 0;
			shellPath = /bin/sh;
			shellScript = "set -e
if test \"$CONFIGURATION\" = \"Custom\"; then :
  cd /Users/alex/Documents/Github/round-robin-lite/NewProject/Builds/MacOSX/JUCE/tools
  make -f /Users/alex/Documents/Github/round-robin-lite/NewProject/Builds/MacOSX/JUCE/tools/CMakeScripts/ReRunCMake.make
fi
";
			showEnvVarsInLog = 0;
		};
		87AF4882E018677E2624B544 = {
			isa = PBXShellScriptBuildPhase;
			buildActionMask = 2147483647;
			files = (
			);
			inputPaths = (
			);
			outputPaths = (
			);
			runOnlyForDeploymentPostprocessing = 0;
			shellPath = /bin/sh;
			shellScript = "# shell script goes here
exit 0";
			showEnvVarsInLog = 0;
		};
		93426DA6A4AC2C2AC9CE883C /* CMake PostBuild Rules */ = {
			isa = PBXShellScriptBuildPhase;
			alwaysOutOfDate = 1;
			buildActionMask = 2147483647;
			files = (
			);
			inputPaths = (
			);
			name = "CMake PostBuild Rules";
			outputPaths = (
			);
			runOnlyForDeploymentPostprocessing = 0;
			shellPath = /bin/sh;
			shellScript = "set -e
if test \"$CONFIGURATION\" = \"Custom\"; then :
  cd /Users/alex/Documents/Github/round-robin-lite/NewProject/Builds/MacOSX/JUCE/tools
  /opt/homebrew/bin/cmake -DBUILD_TYPE=$CONFIGURATION$EFFECTIVE_PLATFORM_NAME -P cmake_install.cmake
fi
";
			showEnvVarsInLog = 0;
		};
		9B50530E35CC49C82C2FACCF = {
			isa = PBXShellScriptBuildPhase;
			buildActionMask = 2147483647;
			files = (
			);
			inputPaths = (
			);
			outputPaths = (
			);
			runOnlyForDeploymentPostprocessing = 0;
			shellPath = /bin/sh;
			shellScript = "# shell script goes here
exit 0";
			showEnvVarsInLog = 0;
		};
		F619A84BD0CF3930A213571D /* Generate CMakeFiles/ALL_BUILD */ = {
			isa = PBXShellScriptBuildPhase;
			alwaysOutOfDate = 1;
			buildActionMask = 2147483647;
			files = (
			);
			inputPaths = (
			);
			name = "Generate CMakeFiles/ALL_BUILD";
			outputPaths = (
"/Users/alex/Documents/Github/round-robin-lite/NewProject/Builds/MacOSX/JUCE/tools/CMakeFiles/ALL_BUILD"			);
			runOnlyForDeploymentPostprocessing = 0;
			shellPath = /bin/sh;
			shellScript = "set -e
if test \"$CONFIGURATION\" = \"Custom\"; then :
  cd /Users/alex/Documents/Github/round-robin-lite/NewProject/Builds/MacOSX/JUCE/tools
  echo Build\\ all\\ projects
fi
";
			showEnvVarsInLog = 0;
		};
/* End PBXShellScriptBuildPhase section */

/* Begin PBXSourcesBuildPhase section */
		321007A6245947ABAEB39FFF /* Sources */ = {
			isa = PBXSourcesBuildPhase;
			buildActionMask = 2147483647;
			files = (
				3FE761FF01494164A4A246D8 /* /Users/alex/Documents/JUCE/extras/Build/juce_build_tools/juce_build_tools.cpp */,
				FFB1BD19CDC347EABAC159F2 /* /Users/alex/Documents/JUCE/extras/Build/juceaide/Main.cpp */,
				7EF3FD983EF54BFD94D7743A /* /Users/alex/Documents/JUCE/modules/juce_core/juce_core.mm */,
				1108D9CA222748C7921028D9 /* /Users/alex/Documents/JUCE/modules/juce_core/juce_core_CompilationTime.cpp */,
				DF018A8EB8CC40B48F7C20A0 /* /Users/alex/Documents/JUCE/modules/juce_data_structures/juce_data_structures.mm */,
				81139A339DFF413490E93825 /* /Users/alex/Documents/JUCE/modules/juce_events/juce_events.mm */,
				704C674EB131462BB0F25723 /* /Users/alex/Documents/JUCE/modules/juce_graphics/juce_graphics.mm */,
				0A6ED0667A854A4B8407771A /* /Users/alex/Documents/JUCE/modules/juce_graphics/juce_graphics_Harfbuzz.cpp */,
				7D7C9FDBFFD04280B81FE30D /* /Users/alex/Documents/JUCE/modules/juce_graphics/juce_graphics_Sheenbidi.c */,
				4DDD5459D33A45638D2C7A43 /* /Users/alex/Documents/JUCE/modules/juce_gui_basics/juce_gui_basics.mm */,
			);
			runOnlyForDeploymentPostprocessing = 0;
		};
/* End PBXSourcesBuildPhase section */

/* Begin PBXTargetDependency section */
		4806EAAF0F3D4E17BFC288A2 /* PBXTargetDependency */ = {
			isa = PBXTargetDependency;
			target = CEE75BB69C85C9BCBA6ECC35 /* juceaide */;
			targetProxy = 0461C17055E34921943BE2CD /* PBXContainerItemProxy */;
		};
		4F427E1903A042E6AED7DD89 /* PBXTargetDependency */ = {
			isa = PBXTargetDependency;
			target = 72A32CF64FA43F321408B954 /* ZERO_CHECK */;
			targetProxy = D9EC5E9669304CE1B0D15AC0 /* PBXContainerItemProxy */;
		};
		9EB1B5F532FB422E93098B82 /* PBXTargetDependency */ = {
			isa = PBXTargetDependency;
			target = 72A32CF64FA43F321408B954 /* ZERO_CHECK */;
			targetProxy = 2A05C559123346E7BD7D63A5 /* PBXContainerItemProxy */;
		};
		E48C0AE9F3334EE595D492E4 /* PBXTargetDependency */ = {
			isa = PBXTargetDependency;
			target = 0822205BE1B9DA64614D1FE8 /* ALL_BUILD */;
			targetProxy = C2D5E89BA3B74FADACD2E300 /* PBXContainerItemProxy */;
		};
/* End PBXTargetDependency section */

/* Begin XCBuildConfiguration section */
		0566D7F7C151442680912C40 /* Custom */ = {
			isa = XCBuildConfiguration;
			buildSettings = {
				ALWAYS_SEARCH_USER_PATHS = NO;
				ARCHS = arm64;
				COMBINE_HIDPI_IMAGES = YES;
				CONFIGURATION_BUILD_DIR = "/Users/alex/Documents/Github/round-robin-lite/NewProject/Builds/MacOSX/JUCE/tools/extras/Build/juceaide/juceaide_artefacts/Custom";
				EXECUTABLE_PREFIX = "";
				EXECUTABLE_SUFFIX = "";
				GCC_GENERATE_DEBUGGING_SYMBOLS = NO;
				GCC_INLINES_ARE_PRIVATE_EXTERN = NO;
				GCC_OPTIMIZATION_LEVEL = 0;
				GCC_PREPROCESSOR_DEFINITIONS = ("'CMAKE_INTDIR=\"$(CONFIGURATION)$(EFFECTIVE_PLATFORM_NAME)\"'","'JUCE_STANDALONE_APPLICATION=1'","'JUCE_DISABLE_JUCE_VERSION_PRINTING=1'","'JUCE_USE_CURL=0'","'JUCE_SILENCE_XCODE_15_LINKER_WARNING=1'","'JUCE_MODULE_AVAILABLE_juce_build_tools=1'","'JUCE_MODULE_AVAILABLE_juce_gui_basics=1'","'JUCE_MODULE_AVAILABLE_juce_graphics=1'","'JUCE_MODULE_AVAILABLE_juce_events=1'","'JUCE_GLOBAL_MODULE_SETTINGS_INCLUDED=1'","'NDEBUG=1'","'_NDEBUG=1'","'JUCE_MODULE_AVAILABLE_juce_core=1'","'JUCE_MODULE_AVAILABLE_juce_data_structures=1'","$(inherited)");
				GCC_SYMBOLS_PRIVATE_EXTERN = NO;
				HEADER_SEARCH_PATHS = ("/Users/alex/Documents/Github/round-robin-lite/NewProject/Builds/MacOSX/JUCE/tools/extras/Build/juceaide/juceaide_artefacts/JuceLibraryCode",/Users/alex/Documents/JUCE/extras/Build,/Users/alex/Documents/JUCE/modules,"$(inherited)");
				INSTALL_PATH = "";
				ONLY_ACTIVE_ARCH = NO;
				OTHER_CFLAGS = ("-Wall -Wshadow-all -Wshorten-64-to-32 -Wstrict-aliasing -Wuninitialized -Wunused-parameter -Wconversion -Wsign-compare -Wint-conversion -Wconditional-uninitialized -Wconstant-conversion -Wsign-conversion -Wbool-conversion -Wextra-semi -Wunreachable-code -Wcast-align -Wshift-sign-overflow -Wmissing-prototypes -Wnullable-to-nonnull-conversion -Wno-ignored-qualifiers -Wswitch-enum -Wpedantic -Wdeprecated -Wfloat-equal -Wmissing-field-initializers ","$(inherited)");
				OTHER_CPLUSPLUSFLAGS = "'-std=c++17' -Wall -Wshadow-all -Wshorten-64-to-32 -Wstrict-aliasing -Wuninitialized -Wunused-parameter -Wconversion -Wsign-compare -Wint-conversion -Wconditional-uninitialized -Wconstant-conversion -Wsign-conversion -Wbool-conversion -Wextra-semi -Wunreachable-code -Wcast-align -Wshift-sign-overflow -Wmissing-prototypes -Wnullable-to-nonnull-conversion -Wno-ignored-qualifiers -Wswitch-enum -Wpedantic -Wdeprecated -Wfloat-equal -Wmissing-field-initializers -Wzero-as-null-pointer-constant -Wunused-private-field -Woverloaded-virtual -Wreorder -Winconsistent-missing-destructor-override ";
				OTHER_LDFLAGS = (" -Wl,-search_paths_first -Wl,-headerpad_max_install_names","-weak_framework Metal","-weak_framework MetalKit","-framework QuartzCore","-framework Cocoa","-framework Foundation","-framework IOKit","-framework Security","$(inherited)");
				OTHER_REZFLAGS = "";
				PRODUCT_NAME = juceaide;
				SECTORDER_FLAGS = "";
				TARGET_TEMP_DIR = "/Users/alex/Documents/Github/round-robin-lite/NewProject/Builds/MacOSX/JUCE/tools/build/juceaide.build/$(CONFIGURATION)$(EFFECTIVE_PLATFORM_NAME)";
				USE_HEADERMAP = NO;
				WARNING_CFLAGS = ("$(inherited)");
			};
			name = Custom;
		};
		1CFC7C0445EE478E875F9C13 /* Custom */ = {
			isa = XCBuildConfiguration;
			buildSettings = {
				ALWAYS_SEARCH_USER_PATHS = NO;
				ARCHS = arm64;
				COMBINE_HIDPI_IMAGES = YES;
				GCC_GENERATE_DEBUGGING_SYMBOLS = YES;
				GCC_INLINES_ARE_PRIVATE_EXTERN = NO;
				GCC_OPTIMIZATION_LEVEL = 0;
				GCC_PREPROCESSOR_DEFINITIONS = ("'CMAKE_INTDIR=\"$(CONFIGURATION)$(EFFECTIVE_PLATFORM_NAME)\"'","$(inherited)");
				GCC_SYMBOLS_PRIVATE_EXTERN = NO;
				INSTALL_PATH = "";
				ONLY_ACTIVE_ARCH = NO;
				OTHER_LDFLAGS = ("","$(inherited)");
				OTHER_REZFLAGS = "";
				PRODUCT_NAME = install;
				SECTORDER_FLAGS = "";
				USE_HEADERMAP = NO;
				WARNING_CFLAGS = ("$(inherited)");
			};
			name = Custom;
		};
		8562424B742147DFAAB4F025 /* Custom */ = {
			isa = XCBuildConfiguration;
			buildSettings = {
				ALWAYS_SEARCH_USER_PATHS = NO;
				ARCHS = arm64;
				COMBINE_HIDPI_IMAGES = YES;
				GCC_GENERATE_DEBUGGING_SYMBOLS = YES;
				GCC_INLINES_ARE_PRIVATE_EXTERN = NO;
				GCC_OPTIMIZATION_LEVEL = 0;
				GCC_PREPROCESSOR_DEFINITIONS = ("'CMAKE_INTDIR=\"$(CONFIGURATION)$(EFFECTIVE_PLATFORM_NAME)\"'","$(inherited)");
				GCC_SYMBOLS_PRIVATE_EXTERN = NO;
				INSTALL_PATH = "";
				ONLY_ACTIVE_ARCH = NO;
				OTHER_LDFLAGS = ("","$(inherited)");
				OTHER_REZFLAGS = "";
				PRODUCT_NAME = ZERO_CHECK;
				SECTORDER_FLAGS = "";
				USE_HEADERMAP = NO;
				WARNING_CFLAGS = ("$(inherited)");
			};
			name = Custom;
		};
		95845AAFD31F4226B08871FC /* Custom */ = {
			isa = XCBuildConfiguration;
			buildSettings = {
				ARCHS = arm64;
				SDKROOT = "";
				SWIFT_COMPILATION_MODE = wholemodule;
				SYMROOT = "/Users/alex/Documents/Github/round-robin-lite/NewProject/Builds/MacOSX/JUCE/tools/build";
			};
			name = Custom;
		};
		B895E6C958B0456CAB110C9A /* Custom */ = {
			isa = XCBuildConfiguration;
			buildSettings = {
				ALWAYS_SEARCH_USER_PATHS = NO;
				ARCHS = arm64;
				COMBINE_HIDPI_IMAGES = YES;
				GCC_GENERATE_DEBUGGING_SYMBOLS = YES;
				GCC_INLINES_ARE_PRIVATE_EXTERN = NO;
				GCC_OPTIMIZATION_LEVEL = 0;
				GCC_PREPROCESSOR_DEFINITIONS = ("'CMAKE_INTDIR=\"$(CONFIGURATION)$(EFFECTIVE_PLATFORM_NAME)\"'","$(inherited)");
				GCC_SYMBOLS_PRIVATE_EXTERN = NO;
				INSTALL_PATH = "";
				ONLY_ACTIVE_ARCH = NO;
				OTHER_LDFLAGS = ("","$(inherited)");
				OTHER_REZFLAGS = "";
				PRODUCT_NAME = ALL_BUILD;
				SECTORDER_FLAGS = "";
				USE_HEADERMAP = NO;
				WARNING_CFLAGS = ("$(inherited)");
			};
			name = Custom;
		};
/* End XCBuildConfiguration section */

/* Begin XCConfigurationList section */
		17BAB6C84BB345CF95C27CA0 /* Build configuration list for PBXAggregateTarget "install" */ = {
			isa = XCConfigurationList;
			buildConfigurations = (
				1CFC7C0445EE478E875F9C13 /* Custom */,
			);
			defaultConfigurationIsVisible = 0;
			defaultConfigurationName = Custom;
		};
		1C71AA84C54D4ADB888A9F14 /* Build configuration list for PBXNativeTarget "juceaide" */ = {
			isa = XCConfigurationList;
			buildConfigurations = (
				0566D7F7C151442680912C40 /* Custom */,
			);
			defaultConfigurationIsVisible = 0;
			defaultConfigurationName = Custom;
		};
		9513F305ADAA42BBABAB204C /* Build configuration list for PBXAggregateTarget "ZERO_CHECK" */ = {
			isa = XCConfigurationList;
			buildConfigurations = (
				8562424B742147DFAAB4F025 /* Custom */,
			);
			defaultConfigurationIsVisible = 0;
			defaultConfigurationName = Custom;
		};
		E761867E2059484594DD4E23 /* Build configuration list for PBXProject "JUCE" */ = {
			isa = XCConfigurationList;
			buildConfigurations = (
				95845AAFD31F4226B08871FC /* Custom */,
			);
			defaultConfigurationIsVisible = 0;
			defaultConfigurationName = Custom;
		};
		F4CE233B5E5142B1BE12DCA3 /* Build configuration list for PBXAggregateTarget "ALL_BUILD" */ = {
			isa = XCConfigurationList;
			buildConfigurations = (
				B895E6C958B0456CAB110C9A /* Custom */,
			);
			defaultConfigurationIsVisible = 0;
			defaultConfigurationName = Custom;
		};
/* End XCConfigurationList section */
	};
	rootObject = F6D1CBD152B5454A8F61779A /* Project object */;
}
