// !$*UTF8*$!
{
	archiveVersion = 1;
	classes = {
	};
	objectVersion = 46;
	objects = {

/* Begin PBXAggregateTarget section */
		0822205BE1B9DA64614D1FE8 /* ALL_BUILD */ = {
			isa = PBXAggregateTarget;
			buildConfigurationList = F27E20D4BC4A49868B1D250B /* Build configuration list for PBXAggregateTarget "ALL_BUILD" */;
			buildPhases = (
				F619A84BD0CF3930A213571D /* Generate CMakeFiles/ALL_BUILD */,
			);
			dependencies = (
				C7844C70637341DD9EDA8248 /* PBXTargetDependency */,
				8CED67E924CF4388AEC8C264 /* PBXTargetDependency */,
			);
			name = ALL_BUILD;
			productName = ALL_BUILD;
		};
		72A32CF64FA43F321408B954 /* ZERO_CHECK */ = {
			isa = PBXAggregateTarget;
			buildConfigurationList = 3079AE51ACC545B7B6341000 /* Build configuration list for PBXAggregateTarget "ZERO_CHECK" */;
			buildPhases = (
				473A08349CF8458F1CA9015E /* Generate CMakeFiles/ZERO_CHECK */,
			);
			dependencies = (
			);
			name = ZERO_CHECK;
			productName = ZERO_CHECK;
		};
		97DF8839B28C64A0356511F0 /* install */ = {
			isa = PBXAggregateTarget;
			buildConfigurationList = 6E097BBD64024BB0A655A01B /* Build configuration list for PBXAggregateTarget "install" */;
			buildPhases = (
				93426DA6A4AC2C2AC9CE883C /* CMake PostBuild Rules */,
			);
			dependencies = (
				F4415A455D9C4A30A0BED09C /* PBXTargetDependency */,
			);
			name = install;
			productName = install;
		};
/* End PBXAggregateTarget section */

/* Begin PBXBuildFile section */
		1F2A16EB586D43288F4C73BB /* /Users/alex/Documents/JUCE/modules/juce_graphics/juce_graphics_Sheenbidi.c */ = {isa = PBXBuildFile; fileRef = A9B0132841644A10A67EC2EE /* /Users/alex/Documents/JUCE/modules/juce_graphics/juce_graphics_Sheenbidi.c */; };
		2BDC2624F3544496BD79EDDA /* /Applications/Xcode.app/Contents/Developer/Platforms/MacOSX.platform/Developer/SDKs/MacOSX26.2.sdk/System/Library/Frameworks/Foundation.framework */ = {isa = PBXBuildFile; fileRef = 0F9F3AA96AED4788BF848A6E /* /Applications/Xcode.app/Contents/Developer/Platforms/MacOSX.platform/Developer/SDKs/MacOSX26.2.sdk/System/Library/Frameworks/Foundation.framework */; };
		39ECD6268FDB4661808F1423 /* /Users/alex/Documents/JUCE/extras/Build/juceaide/Main.cpp */ = {isa = PBXBuildFile; fileRef = AB2C0899A8844F9894CC7DDF /* /Users/alex/Documents/JUCE/extras/Build/juceaide/Main.cpp */; };
		409E29B7B80D487AB7F5766D /* /Users/alex/Documents/JUCE/modules/juce_gui_basics/juce_gui_basics.mm */ = {isa = PBXBuildFile; fileRef = 6662C76CE89A460199D68304 /* /Users/alex/Documents/JUCE/modules/juce_gui_basics/juce_gui_basics.mm */; };
		4800F6FEE6C5445EA460880D /* /Users/alex/Documents/JUCE/modules/juce_events/juce_events.mm */ = {isa = PBXBuildFile; fileRef = 0EC79406973D4549A9ECEE0A /* /Users/alex/Documents/JUCE/modules/juce_events/juce_events.mm */; };
		58609EBE4FC84F39AADEEA5E /* /Users/alex/Documents/JUCE/modules/juce_core/juce_core_CompilationTime.cpp */ = {isa = PBXBuildFile; fileRef = 813A32A5F58044F3B09C3746 /* /Users/alex/Documents/JUCE/modules/juce_core/juce_core_CompilationTime.cpp */; };
		5B6760D98CB54C5E861406DC /* /Users/alex/Documents/JUCE/modules/juce_graphics/juce_graphics.mm */ = {isa = PBXBuildFile; fileRef = 44FAB32C49CB4874A2A5589F /* /Users/alex/Documents/JUCE/modules/juce_graphics/juce_graphics.mm */; };
		61E84251814D4AE7864CC5ED /* /Users/alex/Documents/JUCE/extras/Build/juce_build_tools/juce_build_tools.cpp */ = {isa = PBXBuildFile; fileRef = A201D171668947AE860C0D7F /* /Users/alex/Documents/JUCE/extras/Build/juce_build_tools/juce_build_tools.cpp */; };
		7EBA64D5D8CE4782840744AF /* /Applications/Xcode.app/Contents/Developer/Platforms/MacOSX.platform/Developer/SDKs/MacOSX26.2.sdk/System/Library/Frameworks/QuartzCore.framework */ = {isa = PBXBuildFile; fileRef = DC4B1257D72644E8A9980DF0 /* /Applications/Xcode.app/Contents/Developer/Platforms/MacOSX.platform/Developer/SDKs/MacOSX26.2.sdk/System/Library/Frameworks/QuartzCore.framework */; };
		85AE45AB3F3C4879BDAC038D /* /Applications/Xcode.app/Contents/Developer/Platforms/MacOSX.platform/Developer/SDKs/MacOSX26.2.sdk/System/Library/Frameworks/Cocoa.framework */ = {isa = PBXBuildFile; fileRef = 47C344850B224A14A5818A58 /* /Applications/Xcode.app/Contents/Developer/Platforms/MacOSX.platform/Developer/SDKs/MacOSX26.2.sdk/System/Library/Frameworks/Cocoa.framework */; };
		B1C4DF3812D7460CA3C398D8 /* /Users/alex/Documents/JUCE/extras/Build/juceaide/CMakeLists.txt */ = {isa = PBXBuildFile; fileRef = A8A780C1EE83409F9F3326FF /* /Users/alex/Documents/JUCE/extras/Build/juceaide/CMakeLists.txt */; };
		CA69EFB5A2734432BA3A6E45 /* /Users/alex/Documents/JUCE/modules/juce_data_structures/juce_data_structures.mm */ = {isa = PBXBuildFile; fileRef = B3DF3BD371DB40988DD44894 /* /Users/alex/Documents/JUCE/modules/juce_data_structures/juce_data_structures.mm */; };
		CBCAF1CBF02B46D19A522590 /* /Applications/Xcode.app/Contents/Developer/Platforms/MacOSX.platform/Developer/SDKs/MacOSX26.2.sdk/System/Library/Frameworks/IOKit.framework */ = {isa = PBXBuildFile; fileRef = 45845079399840308BBE97D6 /* /Applications/Xcode.app/Contents/Developer/Platforms/MacOSX.platform/Developer/SDKs/MacOSX26.2.sdk/System/Library/Frameworks/IOKit.framework */; };
		CF7CC40E6E8146CCBFF54CEF /* /Applications/Xcode.app/Contents/Developer/Platforms/MacOSX.platform/Developer/SDKs/MacOSX26.2.sdk/System/Library/Frameworks/Security.framework */ = {isa = PBXBuildFile; fileRef = BEC9EE0E68724F23B7007838 /* /Applications/Xcode.app/Contents/Developer/Platforms/MacOSX.platform/Developer/SDKs/MacOSX26.2.sdk/System/Library/Frameworks/Security.framework */; };
		EE13D070D4674AAEA20A9F6F /* /Users/alex/Documents/JUCE/modules/juce_graphics/juce_graphics_Harfbuzz.cpp */ = {isa = PBXBuildFile; fileRef = FAB5BD5755314A958F7C0986 /* /Users/alex/Documents/JUCE/modules/juce_graphics/juce_graphics_Harfbuzz.cpp */; };
		F77EA52C02174034A0EBDB81 /* /Users/alex/Documents/JUCE/modules/juce_core/juce_core.mm */ = {isa = PBXBuildFile; fileRef = 4EC793FC2E7D409194B37DF0 /* /Users/alex/Documents/JUCE/modules/juce_core/juce_core.mm */; };
/* End PBXBuildFile section */

/* Begin PBXBuildStyle section */
		4BE77BDB6F5445E584C44EFC /* Custom */ = {
			isa = PBXBuildStyle;
			buildSettings = {
				COPY_PHASE_STRIP = NO;
			};
			name = Custom;
		};
/* End PBXBuildStyle section */

/* Begin PBXContainerItemProxy section */
		14113250FED547BF82DC1091 /* PBXContainerItemProxy */ = {
			isa = PBXContainerItemProxy;
			containerPortal = F6D1CBD152B5454A8F61779A /* Project object */;
			proxyType = 1;
			remoteGlobalIDString = CEE75BB69C85C9BCBA6ECC35;
			remoteInfo = juceaide;
		};
		3382242166F744EF8F2180B9 /* PBXContainerItemProxy */ = {
			isa = PBXContainerItemProxy;
			containerPortal = F6D1CBD152B5454A8F61779A /* Project object */;
			proxyType = 1;
			remoteGlobalIDString = 0822205BE1B9DA64614D1FE8;
			remoteInfo = ALL_BUILD;
		};
		522CBFB90BDF4F0F8DDF2538 /* PBXContainerItemProxy */ = {
			isa = PBXContainerItemProxy;
			containerPortal = F6D1CBD152B5454A8F61779A /* Project object */;
			proxyType = 1;
			remoteGlobalIDString = 72A32CF64FA43F321408B954;
			remoteInfo = ZERO_CHECK;
		};
		BA205558A0594913A6ADFDE2 /* PBXContainerItemProxy */ = {
			isa = PBXContainerItemProxy;
			containerPortal = F6D1CBD152B5454A8F61779A /* Project object */;
			proxyType = 1;
			remoteGlobalIDString = 72A32CF64FA43F321408B954;
			remoteInfo = ZERO_CHECK;
		};
/* End PBXContainerItemProxy section */

/* Begin PBXFileReference section */
		0EC79406973D4549A9ECEE0A /* /Users/alex/Documents/JUCE/modules/juce_events/juce_events.mm */ = {isa = PBXFileReference; explicitFileType = sourcecode.cpp.objcpp; fileEncoding = 4; name = juce_events.mm; path = modules/juce_events/juce_events.mm; sourceTree = SOURCE_ROOT; };
		0F9F3AA96AED4788BF848A6E /* /Applications/Xcode.app/Contents/Developer/Platforms/MacOSX.platform/Developer/SDKs/MacOSX26.2.sdk/System/Library/Frameworks/Foundation.framework */ = {isa = PBXFileReference; fileEncoding = 4; lastKnownFileType = wrapper.framework; name = Foundation.framework; path = /Applications/Xcode.app/Contents/Developer/Platforms/MacOSX.platform/Developer/SDKs/MacOSX26.2.sdk/System/Library/Frameworks/Foundation.framework; sourceTree = "<absolute>"; };
		44FAB32C49CB4874A2A5589F /* /Users/alex/Documents/JUCE/modules/juce_graphics/juce_graphics.mm */ = {isa = PBXFileReference; explicitFileType = sourcecode.cpp.objcpp; fileEncoding = 4; name = juce_graphics.mm; path = modules/juce_graphics/juce_graphics.mm; sourceTree = SOURCE_ROOT; };
		456B616835F0478AA4F6F173 /* juceaide */ = {isa = PBXFileReference; explicitFileType = "compiled.mach-o.executable"; path = juceaide; sourceTree = BUILT_PRODUCTS_DIR; };
		45845079399840308BBE97D6 /* /Applications/Xcode.app/Contents/Developer/Platforms/MacOSX.platform/Developer/SDKs/MacOSX26.2.sdk/System/Library/Frameworks/IOKit.framework */ = {isa = PBXFileReference; fileEncoding = 4; lastKnownFileType = wrapper.framework; name = IOKit.framework; path = /Applications/Xcode.app/Contents/Developer/Platforms/MacOSX.platform/Developer/SDKs/MacOSX26.2.sdk/System/Library/Frameworks/IOKit.framework; sourceTree = "<absolute>"; };
		47C344850B224A14A5818A58 /* /Applications/Xcode.app/Contents/Developer/Platforms/MacOSX.platform/Developer/SDKs/MacOSX26.2.sdk/System/Library/Frameworks/Cocoa.framework */ = {isa = PBXFileReference; fileEncoding = 4; lastKnownFileType = wrapper.framework; name = Cocoa.framework; path = /Applications/Xcode.app/Contents/Developer/Platforms/MacOSX.platform/Developer/SDKs/MacOSX26.2.sdk/System/Library/Frameworks/Cocoa.framework; sourceTree = "<absolute>"; };
		4EC793FC2E7D409194B37DF0 /* /Users/alex/Documents/JUCE/modules/juce_core/juce_core.mm */ = {isa = PBXFileReference; explicitFileType = sourcecode.cpp.objcpp; fileEncoding = 4; name = juce_core.mm; path = modules/juce_core/juce_core.mm; sourceTree = SOURCE_ROOT; };
		550FD4813B7D457A995B6BF9 /* /Users/alex/Documents/JUCE/CMakeLists.txt */ = {isa = PBXFileReference; explicitFileType = sourcecode.text; fileEncoding = 4; name = CMakeLists.txt; path = CMakeLists.txt; sourceTree = SOURCE_ROOT; };
		6662C76CE89A460199D68304 /* /Users/alex/Documents/JUCE/modules/juce_gui_basics/juce_gui_basics.mm */ = {isa = PBXFileReference; explicitFileType = sourcecode.cpp.objcpp; fileEncoding = 4; name = juce_gui_basics.mm; path = modules/juce_gui_basics/juce_gui_basics.mm; sourceTree = SOURCE_ROOT; };
		813A32A5F58044F3B09C3746 /* /Users/alex/Documents/JUCE/modules/juce_core/juce_core_CompilationTime.cpp */ = {isa = PBXFileReference; explicitFileType = sourcecode.cpp.cpp; fileEncoding = 4; name = juce_core_CompilationTime.cpp; path = modules/juce_core/juce_core_CompilationTime.cpp; sourceTree = SOURCE_ROOT; };
		A201D171668947AE860C0D7F /* /Users/alex/Documents/JUCE/extras/Build/juce_build_tools/juce_build_tools.cpp */ = {isa = PBXFileReference; explicitFileType = sourcecode.cpp.cpp; fileEncoding = 4; name = juce_build_tools.cpp; path = extras/Build/juce_build_tools/juce_build_tools.cpp; sourceTree = SOURCE_ROOT; };
		A8A780C1EE83409F9F3326FF /* /Users/alex/Documents/JUCE/extras/Build/juceaide/CMakeLists.txt */ = {isa = PBXFileReference; explicitFileType = sourcecode.text; fileEncoding = 4; name = CMakeLists.txt; path = extras/Build/juceaide/CMakeLists.txt; sourceTree = SOURCE_ROOT; };
		A9B0132841644A10A67EC2EE /* /Users/alex/Documents/JUCE/modules/juce_graphics/juce_graphics_Sheenbidi.c */ = {isa = PBXFileReference; explicitFileType = sourcecode.c.c; fileEncoding = 4; name = juce_graphics_Sheenbidi.c; path = modules/juce_graphics/juce_graphics_Sheenbidi.c; sourceTree = SOURCE_ROOT; };
		AB2C0899A8844F9894CC7DDF /* /Users/alex/Documents/JUCE/extras/Build/juceaide/Main.cpp */ = {isa = PBXFileReference; explicitFileType = sourcecode.cpp.cpp; fileEncoding = 4; name = Main.cpp; path = extras/Build/juceaide/Main.cpp; sourceTree = SOURCE_ROOT; };
		B3DF3BD371DB40988DD44894 /* /Users/alex/Documents/JUCE/modules/juce_data_structures/juce_data_structures.mm */ = {isa = PBXFileReference; explicitFileType = sourcecode.cpp.objcpp; fileEncoding = 4; name = juce_data_structures.mm; path = modules/juce_data_structures/juce_data_structures.mm; sourceTree = SOURCE_ROOT; };
		BEC9EE0E68724F23B7007838 /* /Applications/Xcode.app/Contents/Developer/Platforms/MacOSX.platform/Developer/SDKs/MacOSX26.2.sdk/System/Library/Frameworks/Security.framework */ = {isa = PBXFileReference; fileEncoding = 4; lastKnownFileType = wrapper.framework; name = Security.framework; path = /Applications/Xcode.app/Contents/Developer/Platforms/MacOSX.platform/Developer/SDKs/MacOSX26.2.sdk/System/Library/Frameworks/Security.framework; sourceTree = "<absolute>"; };
		DC4B1257D72644E8A9980DF0 /* /Applications/Xcode.app/Contents/Developer/Platforms/MacOSX.platform/Developer/SDKs/MacOSX26.2.sdk/System/Library/Frameworks/QuartzCore.framework */ = {isa = PBXFileReference; fileEncoding = 4; lastKnownFileType = wrapper.framework; name = QuartzCore.framework; path = /Applications/Xcode.app/Contents/Developer/Platforms/MacOSX.platform/Developer/SDKs/MacOSX26.2.sdk/System/Library/Frameworks/QuartzCore.framework; sourceTree = "<absolute>"; };
		FAB5BD5755314A958F7C0986 /* /Users/alex/Documents/JUCE/modules/juce_graphics/juce_graphics_Harfbuzz.cpp */ = {isa = PBXFileReference; explicitFileType = sourcecode.cpp.cpp; fileEncoding = 4; name = juce_graphics_Harfbuzz.cpp; path = modules/juce_graphics/juce_graphics_Harfbuzz.cpp; sourceTree = SOURCE_ROOT; };
/* End PBXFileReference section */

/* Begin PBXFrameworksBuildPhase section */
		289A3C6CC69F44A8A119360D /* Frameworks */ = {
			isa = PBXFrameworksBuildPhase;
			buildActionMask = 2147483647;
			files = (
			);
			runOnlyForDeploymentPostprocessing = 0;
		};
/* End PBXFrameworksBuildPhase section */

/* Begin PBXGroup section */
		25618BC57CA948539ECE7C0F /* Resources */ = {
			isa = PBXGroup;
			children = (
			);
			name = Resources;
			sourceTree = "<group>";
		};
		352248F527F94D5F9A620255 /* Frameworks */ = {
			isa = PBXGroup;
			children = (
				DC4B1257D72644E8A9980DF0 /* /Applications/Xcode.app/Contents/Developer/Platforms/MacOSX.platform/Developer/SDKs/MacOSX26.2.sdk/System/Library/Frameworks/QuartzCore.framework */,
				47C344850B224A14A5818A58 /* /Applications/Xcode.app/Contents/Developer/Platforms/MacOSX.platform/Developer/SDKs/MacOSX26.2.sdk/System/Library/Frameworks/Cocoa.framework */,
				0F9F3AA96AED4788BF848A6E /* /Applications/Xcode.app/Contents/Developer/Platforms/MacOSX.platform/Developer/SDKs/MacOSX26.2.sdk/System/Library/Frameworks/Foundation.framework */,
				45845079399840308BBE97D6 /* /Applications/Xcode.app/Contents/Developer/Platforms/MacOSX.platform/Developer/SDKs/MacOSX26.2.sdk/System/Library/Frameworks/IOKit.framework */,
				BEC9EE0E68724F23B7007838 /* /Applications/Xcode.app/Contents/Developer/Platforms/MacOSX.platform/Developer/SDKs/MacOSX26.2.sdk/System/Library/Frameworks/Security.framework */,
			);
			name = Frameworks;
			sourceTree = "<group>";
		};
		36A52CD4A82E40078564552E /* ALL_BUILD */ = {
			isa = PBXGroup;
			children = (
				C0D1EF2A9C37493FAFFEC50C /* CMake Rules */,
				550FD4813B7D457A995B6BF9 /* /Users/alex/Documents/JUCE/CMakeLists.txt */,
			);
			name = ALL_BUILD;
			sourceTree = "<group>";
		};
		8F5F0424443146D3BEDE2876 /* Products */ = {
			isa = PBXGroup;
			children = (
				456B616835F0478AA4F6F173 /* juceaide */,
			);
			name = Products;
			sourceTree = "<group>";
		};
		B4C79B2C00EA497F81BD2CD5 /* Source Files */ = {
			isa = PBXGroup;
			children = (
				A201D171668947AE860C0D7F /* /Users/alex/Documents/JUCE/extras/Build/juce_build_tools/juce_build_tools.cpp */,
				AB2C0899A8844F9894CC7DDF /* /Users/alex/Documents/JUCE/extras/Build/juceaide/Main.cpp */,
				4EC793FC2E7D409194B37DF0 /* /Users/alex/Documents/JUCE/modules/juce_core/juce_core.mm */,
				813A32A5F58044F3B09C3746 /* /Users/alex/Documents/JUCE/modules/juce_core/juce_core_CompilationTime.cpp */,
				B3DF3BD371DB40988DD44894 /* /Users/alex/Documents/JUCE/modules/juce_data_structures/juce_data_structures.mm */,
				0EC79406973D4549A9ECEE0A /* /Users/alex/Documents/JUCE/modules/juce_events/juce_events.mm */,
				44FAB32C49CB4874A2A5589F /* /Users/alex/Documents/JUCE/modules/juce_graphics/juce_graphics.mm */,
				FAB5BD5755314A958F7C0986 /* /Users/alex/Documents/JUCE/modules/juce_graphics/juce_graphics_Harfbuzz.cpp */,
				A9B0132841644A10A67EC2EE /* /Users/alex/Documents/JUCE/modules/juce_graphics/juce_graphics_Sheenbidi.c */,
				6662C76CE89A460199D68304 /* /Users/alex/Documents/JUCE/modules/juce_gui_basics/juce_gui_basics.mm */,
			);
			name = "Source Files";
			sourceTree = "<group>";
		};
		C0D1EF2A9C37493FAFFEC50C /* CMake Rules */ = {
			isa = PBXGroup;
			children = (
			);
			name = "CMake Rules";
			sourceTree = "<group>";
		};
		F04B9F51E0824394A8346E75 = {
			isa = PBXGroup;
			children = (
				36A52CD4A82E40078564552E /* ALL_BUILD */,
				FE0ADF1D22E345F98A92855A /* juceaide */,
				8F5F0424443146D3BEDE2876 /* Products */,
				352248F527F94D5F9A620255 /* Frameworks */,
				25618BC57CA948539ECE7C0F /* Resources */,
			);
			sourceTree = "<group>";
		};
		FE0ADF1D22E345F98A92855A /* juceaide */ = {
			isa = PBXGroup;
			children = (
				B4C79B2C00EA497F81BD2CD5 /* Source Files */,
				A8A780C1EE83409F9F3326FF /* /Users/alex/Documents/JUCE/extras/Build/juceaide/CMakeLists.txt */,
			);
			name = juceaide;
			sourceTree = "<group>";
		};
/* End PBXGroup section */

/* Begin PBXNativeTarget section */
		CEE75BB69C85C9BCBA6ECC35 /* juceaide */ = {
			isa = PBXNativeTarget;
			buildConfigurationList = E07AA534BEE148C5B0AFF60B /* Build configuration list for PBXNativeTarget "juceaide" */;
			buildPhases = (
				5D2C810249DC42908AAA0D91 /* Sources */,
				289A3C6CC69F44A8A119360D /* Frameworks */,
			);
			buildRules = (
			);
			dependencies = (
				AAA28C03AB1A432187A86648 /* PBXTargetDependency */,
			);
			name = juceaide;
			productName = juceaide;
			productReference = 456B616835F0478AA4F6F173 /* juceaide */;
			productType = "com.apple.product-type.tool";
		};
/* End PBXNativeTarget section */

/* Begin PBXProject section */
		F6D1CBD152B5454A8F61779A /* Project object */ = {
			isa = PBXProject;
			attributes = {
				BuildIndependentTargetsInParallel = YES;
				LastUpgradeCheck = 2630;
			};
			buildConfigurationList = 653E66356B8948288858BCC1 /* Build configuration list for PBXProject "JUCE" */;
			buildSettings = {
			};
			buildStyles = (
				4BE77BDB6F5445E584C44EFC /* Custom */,
			);
			compatibilityVersion = "Xcode 3.2";
			hasScannedForEncodings = 0;
			mainGroup = F04B9F51E0824394A8346E75;
			projectDirPath = /Users/alex/Documents/JUCE;
			projectRoot = "";
			targets = (
				0822205BE1B9DA64614D1FE8 /* ALL_BUILD */,
				97DF8839B28C64A0356511F0 /* install */,
				CEE75BB69C85C9BCBA6ECC35 /* juceaide */,
				72A32CF64FA43F321408B954 /* ZERO_CHECK */,
			);
		};
/* End PBXProject section */

/* Begin PBXShellScriptBuildPhase section */
		3C0110FC8322DE7E50886E21 = {
			isa = PBXShellScriptBuildPhase;
			buildActionMask = 2147483647;
			files = (
			);
			inputPaths = (
			);
			outputPaths = (
			);
			runOnlyForDeploymentPostprocessing = 0;
			shellPath = /bin/sh;
			shellScript = "# shell script goes here
exit 0";
			showEnvVarsInLog = 0;
		};
		473A08349CF8458F1CA9015E /* Generate CMakeFiles/ZERO_CHECK */ = {
			isa = PBXShellScriptBuildPhase;
			alwaysOutOfDate = 1;
			buildActionMask = 2147483647;
			files = (
			);
			inputPaths = (
			);
			name = "Generate CMakeFiles/ZERO_CHECK";
			outputPaths = (
"/Users/alex/Documents/Github/round-robin-lite/NewProject/Builds/MacOSX/JUCE/tools/CMakeFiles/ZERO_CHECK"			);
			runOnlyForDeploymentPostprocessing = 0;
			shellPath = /bin/sh;
			shellScript = "set -e
if test \"$CONFIGURATION\" = \"Custom\"; then :
  cd /Users/alex/Documents/Github/round-robin-lite/NewProject/Builds/MacOSX/JUCE/tools
  make -f /Users/alex/Documents/Github/round-robin-lite/NewProject/Builds/MacOSX/JUCE/tools/CMakeScripts/ReRunCMake.make
fi
";
			showEnvVarsInLog = 0;
		};
		87AF4882E018677E2624B544 = {
			isa = PBXShellScriptBuildPhase;
			buildActionMask = 2147483647;
			files = (
			);
			inputPaths = (
			);
			outputPaths = (
			);
			runOnlyForDeploymentPostprocessing = 0;
			shellPath = /bin/sh;
			shellScript = "# shell script goes here
exit 0";
			showEnvVarsInLog = 0;
		};
		93426DA6A4AC2C2AC9CE883C /* CMake PostBuild Rules */ = {
			isa = PBXShellScriptBuildPhase;
			alwaysOutOfDate = 1;
			buildActionMask = 2147483647;
			files = (
			);
			inputPaths = (
			);
			name = "CMake PostBuild Rules";
			outputPaths = (
			);
			runOnlyForDeploymentPostprocessing = 0;
			shellPath = /bin/sh;
			shellScript = "set -e
if test \"$CONFIGURATION\" = \"Custom\"; then :
  cd /Users/alex/Documents/Github/round-robin-lite/NewProject/Builds/MacOSX/JUCE/tools
  /opt/homebrew/bin/cmake -DBUILD_TYPE=$CONFIGURATION$EFFECTIVE_PLATFORM_NAME -P cmake_install.cmake
fi
";
			showEnvVarsInLog = 0;
		};
		9B50530E35CC49C82C2FACCF = {
			isa = PBXShellScriptBuildPhase;
			buildActionMask = 2147483647;
			files = (
			);
			inputPaths = (
			);
			outputPaths = (
			);
			runOnlyForDeploymentPostprocessing = 0;
			shellPath = /bin/sh;
			shellScript = "# shell script goes here
exit 0";
			showEnvVarsInLog = 0;
		};
		F619A84BD0CF3930A213571D /* Generate CMakeFiles/ALL_BUILD */ = {
			isa = PBXShellScriptBuildPhase;
			alwaysOutOfDate = 1;
			buildActionMask = 2147483647;
			files = (
			);
			inputPaths = (
			);
			name = "Generate CMakeFiles/ALL_BUILD";
			outputPaths = (
"/Users/alex/Documents/Github/round-robin-lite/NewProject/Builds/MacOSX/JUCE/tools/CMakeFiles/ALL_BUILD"			);
			runOnlyForDeploymentPostprocessing = 0;
			shellPath = /bin/sh;
			shellScript = "set -e
if test \"$CONFIGURATION\" = \"Custom\"; then :
  cd /Users/alex/Documents/Github/round-robin-lite/NewProject/Builds/MacOSX/JUCE/tools
  echo Build\\ all\\ projects
fi
";
			showEnvVarsInLog = 0;
		};
/* End PBXShellScriptBuildPhase section */

/* Begin PBXSourcesBuildPhase section */
		5D2C810249DC42908AAA0D91 /* Sources */ = {
			isa = PBXSourcesBuildPhase;
			buildActionMask = 2147483647;
			files = (
				61E84251814D4AE7864CC5ED /* /Users/alex/Documents/JUCE/extras/Build/juce_build_tools/juce_build_tools.cpp */,
				39ECD6268FDB4661808F1423 /* /Users/alex/Documents/JUCE/extras/Build/juceaide/Main.cpp */,
				F77EA52C02174034A0EBDB81 /* /Users/alex/Documents/JUCE/modules/juce_core/juce_core.mm */,
				58609EBE4FC84F39AADEEA5E /* /Users/alex/Documents/JUCE/modules/juce_core/juce_core_CompilationTime.cpp */,
				CA69EFB5A2734432BA3A6E45 /* /Users/alex/Documents/JUCE/modules/juce_data_structures/juce_data_structures.mm */,
				4800F6FEE6C5445EA460880D /* /Users/alex/Documents/JUCE/modules/juce_events/juce_events.mm */,
				5B6760D98CB54C5E861406DC /* /Users/alex/Documents/JUCE/modules/juce_graphics/juce_graphics.mm */,
				EE13D070D4674AAEA20A9F6F /* /Users/alex/Documents/JUCE/modules/juce_graphics/juce_graphics_Harfbuzz.cpp */,
				1F2A16EB586D43288F4C73BB /* /Users/alex/Documents/JUCE/modules/juce_graphics/juce_graphics_Sheenbidi.c */,
				409E29B7B80D487AB7F5766D /* /Users/alex/Documents/JUCE/modules/juce_gui_basics/juce_gui_basics.mm */,
			);
			runOnlyForDeploymentPostprocessing = 0;
		};
/* End PBXSourcesBuildPhase section */

/* Begin PBXTargetDependency section */
		8CED67E924CF4388AEC8C264 /* PBXTargetDependency */ = {
			isa = PBXTargetDependency;
			target = 72A32CF64FA43F321408B954 /* ZERO_CHECK */;
			targetProxy = 522CBFB90BDF4F0F8DDF2538 /* PBXContainerItemProxy */;
		};
		AAA28C03AB1A432187A86648 /* PBXTargetDependency */ = {
			isa = PBXTargetDependency;
			target = 72A32CF64FA43F321408B954 /* ZERO_CHECK */;
			targetProxy = BA205558A0594913A6ADFDE2 /* PBXContainerItemProxy */;
		};
		C7844C70637341DD9EDA8248 /* PBXTargetDependency */ = {
			isa = PBXTargetDependency;
			target = CEE75BB69C85C9BCBA6ECC35 /* juceaide */;
			targetProxy = 14113250FED547BF82DC1091 /* PBXContainerItemProxy */;
		};
		F4415A455D9C4A30A0BED09C /* PBXTargetDependency */ = {
			isa = PBXTargetDependency;
			target = 0822205BE1B9DA64614D1FE8 /* ALL_BUILD */;
			targetProxy = 3382242166F744EF8F2180B9 /* PBXContainerItemProxy */;
		};
/* End PBXTargetDependency section */

/* Begin XCBuildConfiguration section */
		2A145D2402C94BA1B13A1EEE /* Custom */ = {
			isa = XCBuildConfiguration;
			buildSettings = {
				ALWAYS_SEARCH_USER_PATHS = NO;
				ARCHS = arm64;
				COMBINE_HIDPI_IMAGES = YES;
				CONFIGURATION_BUILD_DIR = "/Users/alex/Documents/Github/round-robin-lite/NewProject/Builds/MacOSX/JUCE/tools/extras/Build/juceaide/juceaide_artefacts/Custom";
				EXECUTABLE_PREFIX = "";
				EXECUTABLE_SUFFIX = "";
				GCC_GENERATE_DEBUGGING_SYMBOLS = NO;
				GCC_INLINES_ARE_PRIVATE_EXTERN = NO;
				GCC_OPTIMIZATION_LEVEL = 0;
				GCC_PREPROCESSOR_DEFINITIONS = ("'CMAKE_INTDIR=\"$(CONFIGURATION)$(EFFECTIVE_PLATFORM_NAME)\"'","'JUCE_STANDALONE_APPLICATION=1'","'JUCE_DISABLE_JUCE_VERSION_PRINTING=1'","'JUCE_USE_CURL=0'","'JUCE_SILENCE_XCODE_15_LINKER_WARNING=1'","'JUCE_MODULE_AVAILABLE_juce_build_tools=1'","'JUCE_MODULE_AVAILABLE_juce_gui_basics=1'","'JUCE_MODULE_AVAILABLE_juce_graphics=1'","'JUCE_MODULE_AVAILABLE_juce_events=1'","'JUCE_GLOBAL_MODULE_SETTINGS_INCLUDED=1'","'NDEBUG=1'","'_NDEBUG=1'","'JUCE_MODULE_AVAILABLE_juce_core=1'","'JUCE_MODULE_AVAILABLE_juce_data_structures=1'","$(inherited)");
				GCC_SYMBOLS_PRIVATE_EXTERN = NO;
				HEADER_SEARCH_PATHS = ("/Users/alex/Documents/Github/round-robin-lite/NewProject/Builds/MacOSX/JUCE/tools/extras/Build/juceaide/juceaide_artefacts/JuceLibraryCode",/Users/alex/Documents/JUCE/extras/Build,/Users/alex/Documents/JUCE/modules,"$(inherited)");
				INSTALL_PATH = "";
				ONLY_ACTIVE_ARCH = NO;
				OTHER_CFLAGS = ("-Wall -Wshadow-all -Wshorten-64-to-32 -Wstrict-aliasing -Wuninitialized -Wunused-parameter -Wconversion -Wsign-compare -Wint-conversion -Wconditional-uninitialized -Wconstant-conversion -Wsign-conversion -Wbool-conversion -Wextra-semi -Wunreachable-code -Wcast-align -Wshift-sign-overflow -Wmissing-prototypes -Wnullable-to-nonnull-conversion -Wno-ignored-qualifiers -Wswitch-enum -Wpedantic -Wdeprecated -Wfloat-equal -Wmissing-field-initializers ","$(inherited)");
				OTHER_CPLUSPLUSFLAGS = "'-std=c++17' -Wall -Wshadow-all -Wshorten-64-to-32 -Wstrict-aliasing -Wuninitialized -Wunused-parameter -Wconversion -Wsign-compare -Wint-conversion -Wconditional-uninitialized -Wconstant-conversion -Wsign-conversion -Wbool-conversion -Wextra-semi -Wunreachable-code -Wcast-align -Wshift-sign-overflow -Wmissing-prototypes -Wnullable-to-nonnull-conversion -Wno-ignored-qualifiers -Wswitch-enum -Wpedantic -Wdeprecated -Wfloat-equal -Wmissing-field-initializers -Wzero-as-null-pointer-constant -Wunused-private-field -Woverloaded-virtual -Wreorder -Winconsistent-missing-destructor-override ";
				OTHER_LDFLAGS = (" -Wl,-search_paths_first -Wl,-headerpad_max_install_names","-weak_framework Metal","-weak_framework MetalKit","-framework QuartzCore","-framework Cocoa","-framework Foundation","-framework IOKit","-framework Security","$(inherited)");
				OTHER_REZFLAGS = "";
				PRODUCT_NAME = juceaide;
				SECTORDER_FLAGS = "";
				TARGET_TEMP_DIR = "/Users/alex/Documents/Github/round-robin-lite/NewProject/Builds/MacOSX/JUCE/tools/build/juceaide.build/$(CONFIGURATION)$(EFFECTIVE_PLATFORM_NAME)";
				USE_HEADERMAP = NO;
				WARNING_CFLAGS = ("$(inherited)");
			};
			name = Custom;
		};
		2EAACC2720124ECBB7E057E4 /* Custom */ = {
			isa = XCBuildConfiguration;
			buildSettings = {
				ALWAYS_SEARCH_USER_PATHS = NO;
				ARCHS = arm64;
				COMBINE_HIDPI_IMAGES = YES;
				GCC_GENERATE_DEBUGGING_SYMBOLS = YES;
				GCC_INLINES_ARE_PRIVATE_EXTERN = NO;
				GCC_OPTIMIZATION_LEVEL = 0;
				GCC_PREPROCESSOR_DEFINITIONS = ("'CMAKE_INTDIR=\"$(CONFIGURATION)$(EFFECTIVE_PLATFORM_NAME)\"'","$(inherited)");
				GCC_SYMBOLS_PRIVATE_EXTERN = NO;
				INSTALL_PATH = "";
				ONLY_ACTIVE_ARCH = NO;
				OTHER_LDFLAGS = ("","$(inherited)");
				OTHER_REZFLAGS = "";
				PRODUCT_NAME = ZERO_CHECK;
				SECTORDER_FLAGS = "";
				USE_HEADERMAP = NO;
				WARNING_CFLAGS = ("$(inherited)");
			};
			name = Custom;
		};
		8E5EB3FDD9654FD9A8255716 /* Custom */ = {
			isa = XCBuildConfiguration;
			buildSettings = {
				ALWAYS_SEARCH_USER_PATHS = NO;
				ARCHS = arm64;
				COMBINE_HIDPI_IMAGES = YES;
				GCC_GENERATE_DEBUGGING_SYMBOLS = YES;
				GCC_INLINES_ARE_PRIVATE_EXTERN = NO;
				GCC_OPTIMIZATION_LEVEL = 0;
				GCC_PREPROCESSOR_DEFINITIONS = ("'CMAKE_INTDIR=\"$(CONFIGURATION)$(EFFECTIVE_PLATFORM_NAME)\"'","$(inherited)");
				GCC_SYMBOLS_PRIVATE_EXTERN = NO;
				INSTALL_PATH = "";
				ONLY_ACTIVE_ARCH = NO;
				OTHER_LDFLAGS = ("","$(inherited)");
				OTHER_REZFLAGS = "";
				PRODUCT_NAME = install;
				SECTORDER_FLAGS = "";
				USE_HEADERMAP = NO;
				WARNING_CFLAGS = ("$(inherited)");
			};
			name = Custom;
		};
		92F967F178FF43978C276EC9 /* Custom */ = {
			isa = XCBuildConfiguration;
			buildSettings = {
				ARCHS = arm64;
				SDKROOT = "";
				SWIFT_COMPILATION_MODE = wholemodule;
				SYMROOT = "/Users/alex/Documents/Github/round-robin-lite/NewProject/Builds/MacOSX/JUCE/tools/build";
			};
			name = Custom;
		};
		DFF35C01D4FE4E5A890B2631 /* Custom */ = {
			isa = XCBuildConfiguration;
			buildSettings = {
				ALWAYS_SEARCH_USER_PATHS = NO;
				ARCHS = arm64;
				COMBINE_HIDPI_IMAGES = YES;
				GCC_GENERATE_DEBUGGING_SYMBOLS = YES;
				GCC_INLINES_ARE_PRIVATE_EXTERN = NO;
				GCC_OPTIMIZATION_LEVEL = 0;
				GCC_PREPROCESSOR_DEFINITIONS = ("'CMAKE_INTDIR=\"$(CONFIGURATION)$(EFFECTIVE_PLATFORM_NAME)\"'","$(inherited)");
				GCC_SYMBOLS_PRIVATE_EXTERN = NO;
				INSTALL_PATH = "";
				ONLY_ACTIVE_ARCH = NO;
				OTHER_LDFLAGS = ("","$(inherited)");
				OTHER_REZFLAGS = "";
				PRODUCT_NAME = ALL_BUILD;
				SECTORDER_FLAGS = "";
				USE_HEADERMAP = NO;
				WARNING_CFLAGS = ("$(inherited)");
			};
			name = Custom;
		};
/* End XCBuildConfiguration section */

/* Begin XCConfigurationList section */
		3079AE51ACC545B7B6341000 /* Build configuration list for PBXAggregateTarget "ZERO_CHECK" */ = {
			isa = XCConfigurationList;
			buildConfigurations = (
				2EAACC2720124ECBB7E057E4 /* Custom */,
			);
			defaultConfigurationIsVisible = 0;
			defaultConfigurationName = Custom;
		};
		653E66356B8948288858BCC1 /* Build configuration list for PBXProject "JUCE" */ = {
			isa = XCConfigurationList;
			buildConfigurations = (
				92F967F178FF43978C276EC9 /* Custom */,
			);
			defaultConfigurationIsVisible = 0;
			defaultConfigurationName = Custom;
		};
		6E097BBD64024BB0A655A01B /* Build configuration list for PBXAggregateTarget "install" */ = {
			isa = XCConfigurationList;
			buildConfigurations = (
				8E5EB3FDD9654FD9A8255716 /* Custom */,
			);
			defaultConfigurationIsVisible = 0;
			defaultConfigurationName = Custom;
		};
		E07AA534BEE148C5B0AFF60B /* Build configuration list for PBXNativeTarget "juceaide" */ = {
			isa = XCConfigurationList;
			buildConfigurations = (
				2A145D2402C94BA1B13A1EEE /* Custom */,
			);
			defaultConfigurationIsVisible = 0;
			defaultConfigurationName = Custom;
		};
		F27E20D4BC4A49868B1D250B /* Build configuration list for PBXAggregateTarget "ALL_BUILD" */ = {
			isa = XCConfigurationList;
			buildConfigurations = (
				DFF35C01D4FE4E5A890B2631 /* Custom */,
			);
			defaultConfigurationIsVisible = 0;
			defaultConfigurationName = Custom;
		};
/* End XCConfigurationList section */
	};
	rootObject = F6D1CBD152B5454A8F61779A /* Project object */;
}
