// !$*UTF8*$!
{
	archiveVersion = 1;
	classes = {
	};
	objectVersion = 46;
	objects = {

/* Begin PBXAggregateTarget section */
		0822205BE1B9DA64614D1FE8 /* ALL_BUILD */ = {
			isa = PBXAggregateTarget;
			buildConfigurationList = E114DDF50B624E468970398F /* Build configuration list for PBXAggregateTarget "ALL_BUILD" */;
			buildPhases = (
				F619A84BD0CF3930A213571D /* Generate CMakeFiles/ALL_BUILD */,
			);
			dependencies = (
				CAE76093C10C49A9B0A2D4C3 /* PBXTargetDependency */,
				19A4092D40D64F17950DD846 /* PBXTargetDependency */,
			);
			name = ALL_BUILD;
			productName = ALL_BUILD;
		};
		72A32CF64FA43F321408B954 /* ZERO_CHECK */ = {
			isa = PBXAggregateTarget;
			buildConfigurationList = 75478EDB228748AB8FB363B3 /* Build configuration list for PBXAggregateTarget "ZERO_CHECK" */;
			buildPhases = (
				473A08349CF8458F1CA9015E /* Generate CMakeFiles/ZERO_CHECK */,
			);
			dependencies = (
			);
			name = ZERO_CHECK;
			productName = ZERO_CHECK;
		};
		97DF8839B28C64A0356511F0 /* install */ = {
			isa = PBXAggregateTarget;
			buildConfigurationList = 6DE237A522584DC0B751B31E /* Build configuration list for PBXAggregateTarget "install" */;
			buildPhases = (
				93426DA6A4AC2C2AC9CE883C /* CMake PostBuild Rules */,
			);
			dependencies = (
				3F7D403368944773AE93F77D /* PBXTargetDependency */,
			);
			name = install;
			productName = install;
		};
/* End PBXAggregateTarget section */

/* Begin PBXBuildFile section */
		054A67C096C94DA78CFA1718 /* /Users/alex/Documents/JUCE/modules/juce_core/juce_core.mm */ = {isa = PBXBuildFile; fileRef = 1B474F2144304D249739E3A0 /* /Users/alex/Documents/JUCE/modules/juce_core/juce_core.mm */; };
		1CE6D363B26F4F4EA0EC2559 /* /Applications/Xcode.app/Contents/Developer/Platforms/MacOSX.platform/Developer/SDKs/MacOSX26.2.sdk/System/Library/Frameworks/Cocoa.framework */ = {isa = PBXBuildFile; fileRef = 96E4E355F50742B484F56460 /* /Applications/Xcode.app/Contents/Developer/Platforms/MacOSX.platform/Developer/SDKs/MacOSX26.2.sdk/System/Library/Frameworks/Cocoa.framework */; };
		2062297A824944DDA4F11CD5 /* /Applications/Xcode.app/Contents/Developer/Platforms/MacOSX.platform/Developer/SDKs/MacOSX26.2.sdk/System/Library/Frameworks/IOKit.framework */ = {isa = PBXBuildFile; fileRef = 26CA504887C147F1B72A56E5 /* /Applications/Xcode.app/Contents/Developer/Platforms/MacOSX.platform/Developer/SDKs/MacOSX26.2.sdk/System/Library/Frameworks/IOKit.framework */; };
		41914ACD41DB4FFB84E5CF8B /* /Applications/Xcode.app/Contents/Developer/Platforms/MacOSX.platform/Developer/SDKs/MacOSX26.2.sdk/System/Library/Frameworks/Security.framework */ = {isa = PBXBuildFile; fileRef = 1E19B361EF294DFFB57DEBC6 /* /Applications/Xcode.app/Contents/Developer/Platforms/MacOSX.platform/Developer/SDKs/MacOSX26.2.sdk/System/Library/Frameworks/Security.framework */; };
		462455037C6B4FB5AE8E753F /* /Users/alex/Documents/JUCE/modules/juce_data_structures/juce_data_structures.mm */ = {isa = PBXBuildFile; fileRef = 510A1797C5A64C0FB5C44D23 /* /Users/alex/Documents/JUCE/modules/juce_data_structures/juce_data_structures.mm */; };
		51AE335697F2494D858429D6 /* /Applications/Xcode.app/Contents/Developer/Platforms/MacOSX.platform/Developer/SDKs/MacOSX26.2.sdk/System/Library/Frameworks/QuartzCore.framework */ = {isa = PBXBuildFile; fileRef = 35D924E5F34445AFA19EC2A0 /* /Applications/Xcode.app/Contents/Developer/Platforms/MacOSX.platform/Developer/SDKs/MacOSX26.2.sdk/System/Library/Frameworks/QuartzCore.framework */; };
		561CB1D0F6A240D68FF84657 /* /Users/alex/Documents/JUCE/extras/Build/juceaide/Main.cpp */ = {isa = PBXBuildFile; fileRef = C940327A15B04A2282B76CDF /* /Users/alex/Documents/JUCE/extras/Build/juceaide/Main.cpp */; };
		61AE029AA5F3410A9BD1DC29 /* /Applications/Xcode.app/Contents/Developer/Platforms/MacOSX.platform/Developer/SDKs/MacOSX26.2.sdk/System/Library/Frameworks/Foundation.framework */ = {isa = PBXBuildFile; fileRef = 27354A6F9E074EA5AAA47D21 /* /Applications/Xcode.app/Contents/Developer/Platforms/MacOSX.platform/Developer/SDKs/MacOSX26.2.sdk/System/Library/Frameworks/Foundation.framework */; };
		65F6A20209E643149D40E618 /* /Users/alex/Documents/JUCE/modules/juce_graphics/juce_graphics_Harfbuzz.cpp */ = {isa = PBXBuildFile; fileRef = C1F71261C88D47BDB4F21C5B /* /Users/alex/Documents/JUCE/modules/juce_graphics/juce_graphics_Harfbuzz.cpp */; };
		8A355DEE6E064E178190AE3B /* /Users/alex/Documents/JUCE/modules/juce_core/juce_core_CompilationTime.cpp */ = {isa = PBXBuildFile; fileRef = 2F83DAE1EF5B4C8D86D39231 /* /Users/alex/Documents/JUCE/modules/juce_core/juce_core_CompilationTime.cpp */; };
		8DD1077EE2944546BF32DF53 /* /Users/alex/Documents/JUCE/extras/Build/juceaide/CMakeLists.txt */ = {isa = PBXBuildFile; fileRef = 11E27BC269E047BB91ABA5C2 /* /Users/alex/Documents/JUCE/extras/Build/juceaide/CMakeLists.txt */; };
		8DF1659450D74218B9660E07 /* /Users/alex/Documents/JUCE/modules/juce_gui_basics/juce_gui_basics.mm */ = {isa = PBXBuildFile; fileRef = 23E7E1180EE24C12B0849FB8 /* /Users/alex/Documents/JUCE/modules/juce_gui_basics/juce_gui_basics.mm */; };
		A14C6A459147442B85FF9956 /* /Users/alex/Documents/JUCE/modules/juce_events/juce_events.mm */ = {isa = PBXBuildFile; fileRef = 1D3CA2F472474A6D95C0BC9C /* /Users/alex/Documents/JUCE/modules/juce_events/juce_events.mm */; };
		D87B21DFC80B42759057885E /* /Users/alex/Documents/JUCE/modules/juce_graphics/juce_graphics_Sheenbidi.c */ = {isa = PBXBuildFile; fileRef = B3AF9B49E76346F1AD691444 /* /Users/alex/Documents/JUCE/modules/juce_graphics/juce_graphics_Sheenbidi.c */; };
		DEFEBCDD2DCE48698B8AD5CF /* /Users/alex/Documents/JUCE/modules/juce_graphics/juce_graphics.mm */ = {isa = PBXBuildFile; fileRef = 07F2C118B50F4C68B9DA74EB /* /Users/alex/Documents/JUCE/modules/juce_graphics/juce_graphics.mm */; };
		EA2546BE3D424741AB883891 /* /Users/alex/Documents/JUCE/extras/Build/juce_build_tools/juce_build_tools.cpp */ = {isa = PBXBuildFile; fileRef = 73BEA190F9FB4F1EAAE0AF25 /* /Users/alex/Documents/JUCE/extras/Build/juce_build_tools/juce_build_tools.cpp */; };
/* End PBXBuildFile section */

/* Begin PBXBuildStyle section */
		2FB8EBACD93F4DC9845AF874 /* Custom */ = {
			isa = PBXBuildStyle;
			buildSettings = {
				COPY_PHASE_STRIP = NO;
			};
			name = Custom;
		};
/* End PBXBuildStyle section */

/* Begin PBXContainerItemProxy section */
		12D28051CF1A48F1AC72A3C6 /* PBXContainerItemProxy */ = {
			isa = PBXContainerItemProxy;
			containerPortal = F6D1CBD152B5454A8F61779A /* Project object */;
			proxyType = 1;
			remoteGlobalIDString = 0822205BE1B9DA64614D1FE8;
			remoteInfo = ALL_BUILD;
		};
		4312B52778C5483BB19530E6 /* PBXContainerItemProxy */ = {
			isa = PBXContainerItemProxy;
			containerPortal = F6D1CBD152B5454A8F61779A /* Project object */;
			proxyType = 1;
			remoteGlobalIDString = 72A32CF64FA43F321408B954;
			remoteInfo = ZERO_CHECK;
		};
		66491FE3416D402FB4C2FEAF /* PBXContainerItemProxy */ = {
			isa = PBXContainerItemProxy;
			containerPortal = F6D1CBD152B5454A8F61779A /* Project object */;
			proxyType = 1;
			remoteGlobalIDString = 72A32CF64FA43F321408B954;
			remoteInfo = ZERO_CHECK;
		};
		F3F85B6A961C44EDABC6FFBD /* PBXContainerItemProxy */ = {
			isa = PBXContainerItemProxy;
			containerPortal = F6D1CBD152B5454A8F61779A /* Project object */;
			proxyType = 1;
			remoteGlobalIDString = CEE75BB69C85C9BCBA6ECC35;
			remoteInfo = juceaide;
		};
/* End PBXContainerItemProxy section */

/* Begin PBXFileReference section */
		07F2C118B50F4C68B9DA74EB /* /Users/alex/Documents/JUCE/modules/juce_graphics/juce_graphics.mm */ = {isa = PBXFileReference; explicitFileType = sourcecode.cpp.objcpp; fileEncoding = 4; name = juce_graphics.mm; path = modules/juce_graphics/juce_graphics.mm; sourceTree = SOURCE_ROOT; };
		11E27BC269E047BB91ABA5C2 /* /Users/alex/Documents/JUCE/extras/Build/juceaide/CMakeLists.txt */ = {isa = PBXFileReference; explicitFileType = sourcecode.text; fileEncoding = 4; name = CMakeLists.txt; path = extras/Build/juceaide/CMakeLists.txt; sourceTree = SOURCE_ROOT; };
		1B474F2144304D249739E3A0 /* /Users/alex/Documents/JUCE/modules/juce_core/juce_core.mm */ = {isa = PBXFileReference; explicitFileType = sourcecode.cpp.objcpp; fileEncoding = 4; name = juce_core.mm; path = modules/juce_core/juce_core.mm; sourceTree = SOURCE_ROOT; };
		1D3CA2F472474A6D95C0BC9C /* /Users/alex/Documents/JUCE/modules/juce_events/juce_events.mm */ = {isa = PBXFileReference; explicitFileType = sourcecode.cpp.objcpp; fileEncoding = 4; name = juce_events.mm; path = modules/juce_events/juce_events.mm; sourceTree = SOURCE_ROOT; };
		1E19B361EF294DFFB57DEBC6 /* /Applications/Xcode.app/Contents/Developer/Platforms/MacOSX.platform/Developer/SDKs/MacOSX26.2.sdk/System/Library/Frameworks/Security.framework */ = {isa = PBXFileReference; fileEncoding = 4; lastKnownFileType = wrapper.framework; name = Security.framework; path = /Applications/Xcode.app/Contents/Developer/Platforms/MacOSX.platform/Developer/SDKs/MacOSX26.2.sdk/System/Library/Frameworks/Security.framework; sourceTree = "<absolute>"; };
		23E7E1180EE24C12B0849FB8 /* /Users/alex/Documents/JUCE/modules/juce_gui_basics/juce_gui_basics.mm */ = {isa = PBXFileReference; explicitFileType = sourcecode.cpp.objcpp; fileEncoding = 4; name = juce_gui_basics.mm; path = modules/juce_gui_basics/juce_gui_basics.mm; sourceTree = SOURCE_ROOT; };
		26CA504887C147F1B72A56E5 /* /Applications/Xcode.app/Contents/Developer/Platforms/MacOSX.platform/Developer/SDKs/MacOSX26.2.sdk/System/Library/Frameworks/IOKit.framework */ = {isa = PBXFileReference; fileEncoding = 4; lastKnownFileType = wrapper.framework; name = IOKit.framework; path = /Applications/Xcode.app/Contents/Developer/Platforms/MacOSX.platform/Developer/SDKs/MacOSX26.2.sdk/System/Library/Frameworks/IOKit.framework; sourceTree = "<absolute>"; };
		27354A6F9E074EA5AAA47D21 /* /Applications/Xcode.app/Contents/Developer/Platforms/MacOSX.platform/Developer/SDKs/MacOSX26.2.sdk/System/Library/Frameworks/Foundation.framework */ = {isa = PBXFileReference; fileEncoding = 4; lastKnownFileType = wrapper.framework; name = Foundation.framework; path = /Applications/Xcode.app/Contents/Developer/Platforms/MacOSX.platform/Developer/SDKs/MacOSX26.2.sdk/System/Library/Frameworks/Foundation.framework; sourceTree = "<absolute>"; };
		2F83DAE1EF5B4C8D86D39231 /* /Users/alex/Documents/JUCE/modules/juce_core/juce_core_CompilationTime.cpp */ = {isa = PBXFileReference; explicitFileType = sourcecode.cpp.cpp; fileEncoding = 4; name = juce_core_CompilationTime.cpp; path = modules/juce_core/juce_core_CompilationTime.cpp; sourceTree = SOURCE_ROOT; };
		35D924E5F34445AFA19EC2A0 /* /Applications/Xcode.app/Contents/Developer/Platforms/MacOSX.platform/Developer/SDKs/MacOSX26.2.sdk/System/Library/Frameworks/QuartzCore.framework */ = {isa = PBXFileReference; fileEncoding = 4; lastKnownFileType = wrapper.framework; name = QuartzCore.framework; path = /Applications/Xcode.app/Contents/Developer/Platforms/MacOSX.platform/Developer/SDKs/MacOSX26.2.sdk/System/Library/Frameworks/QuartzCore.framework; sourceTree = "<absolute>"; };
		4822AE32E4984652913AAB8B /* juceaide */ = {isa = PBXFileReference; explicitFileType = "compiled.mach-o.executable"; path = juceaide; sourceTree = BUILT_PRODUCTS_DIR; };
		510A1797C5A64C0FB5C44D23 /* /Users/alex/Documents/JUCE/modules/juce_data_structures/juce_data_structures.mm */ = {isa = PBXFileReference; explicitFileType = sourcecode.cpp.objcpp; fileEncoding = 4; name = juce_data_structures.mm; path = modules/juce_data_structures/juce_data_structures.mm; sourceTree = SOURCE_ROOT; };
		73BEA190F9FB4F1EAAE0AF25 /* /Users/alex/Documents/JUCE/extras/Build/juce_build_tools/juce_build_tools.cpp */ = {isa = PBXFileReference; explicitFileType = sourcecode.cpp.cpp; fileEncoding = 4; name = juce_build_tools.cpp; path = extras/Build/juce_build_tools/juce_build_tools.cpp; sourceTree = SOURCE_ROOT; };
		890020D49DDE484C98011D00 /* /Users/alex/Documents/JUCE/CMakeLists.txt */ = {isa = PBXFileReference; explicitFileType = sourcecode.text; fileEncoding = 4; name = CMakeLists.txt; path = CMakeLists.txt; sourceTree = SOURCE_ROOT; };
		96E4E355F50742B484F56460 /* /Applications/Xcode.app/Contents/Developer/Platforms/MacOSX.platform/Developer/SDKs/MacOSX26.2.sdk/System/Library/Frameworks/Cocoa.framework */ = {isa = PBXFileReference; fileEncoding = 4; lastKnownFileType = wrapper.framework; name = Cocoa.framework; path = /Applications/Xcode.app/Contents/Developer/Platforms/MacOSX.platform/Developer/SDKs/MacOSX26.2.sdk/System/Library/Frameworks/Cocoa.framework; sourceTree = "<absolute>"; };
		B3AF9B49E76346F1AD691444 /* /Users/alex/Documents/JUCE/modules/juce_graphics/juce_graphics_Sheenbidi.c */ = {isa = PBXFileReference; explicitFileType = sourcecode.c.c; fileEncoding = 4; name = juce_graphics_Sheenbidi.c; path = modules/juce_graphics/juce_graphics_Sheenbidi.c; sourceTree = SOURCE_ROOT; };
		C1F71261C88D47BDB4F21C5B /* /Users/alex/Documents/JUCE/modules/juce_graphics/juce_graphics_Harfbuzz.cpp */ = {isa = PBXFileReference; explicitFileType = sourcecode.cpp.cpp; fileEncoding = 4; name = juce_graphics_Harfbuzz.cpp; path = modules/juce_graphics/juce_graphics_Harfbuzz.cpp; sourceTree = SOURCE_ROOT; };
		C940327A15B04A2282B76CDF /* /Users/alex/Documents/JUCE/extras/Build/juceaide/Main.cpp */ = {isa = PBXFileReference; explicitFileType = sourcecode.cpp.cpp; fileEncoding = 4; name = Main.cpp; path = extras/Build/juceaide/Main.cpp; sourceTree = SOURCE_ROOT; };
/* End PBXFileReference section */

/* Begin PBXFrameworksBuildPhase section */
		E767EEF391584F818A67C645 /* Frameworks */ = {
			isa = PBXFrameworksBuildPhase;
			buildActionMask = 2147483647;
			files = (
			);
			runOnlyForDeploymentPostprocessing = 0;
		};
/* End PBXFrameworksBuildPhase section */

/* Begin PBXGroup section */
		0B0FAF26CB4F4C3DBA492DEC /* Products */ = {
			isa = PBXGroup;
			children = (
				4822AE32E4984652913AAB8B /* juceaide */,
			);
			name = Products;
			sourceTree = "<group>";
		};
		19DEA5E8F5554F10897A500D /* CMake Rules */ = {
			isa = PBXGroup;
			children = (
			);
			name = "CMake Rules";
			sourceTree = "<group>";
		};
		4B07B293229B4BC09868A04F /* Frameworks */ = {
			isa = PBXGroup;
			children = (
				35D924E5F34445AFA19EC2A0 /* /Applications/Xcode.app/Contents/Developer/Platforms/MacOSX.platform/Developer/SDKs/MacOSX26.2.sdk/System/Library/Frameworks/QuartzCore.framework */,
				96E4E355F50742B484F56460 /* /Applications/Xcode.app/Contents/Developer/Platforms/MacOSX.platform/Developer/SDKs/MacOSX26.2.sdk/System/Library/Frameworks/Cocoa.framework */,
				27354A6F9E074EA5AAA47D21 /* /Applications/Xcode.app/Contents/Developer/Platforms/MacOSX.platform/Developer/SDKs/MacOSX26.2.sdk/System/Library/Frameworks/Foundation.framework */,
				26CA504887C147F1B72A56E5 /* /Applications/Xcode.app/Contents/Developer/Platforms/MacOSX.platform/Developer/SDKs/MacOSX26.2.sdk/System/Library/Frameworks/IOKit.framework */,
				1E19B361EF294DFFB57DEBC6 /* /Applications/Xcode.app/Contents/Developer/Platforms/MacOSX.platform/Developer/SDKs/MacOSX26.2.sdk/System/Library/Frameworks/Security.framework */,
			);
			name = Frameworks;
			sourceTree = "<group>";
		};
		79414D32B4F64F608E72ACF8 /* ALL_BUILD */ = {
			isa = PBXGroup;
			children = (
				19DEA5E8F5554F10897A500D /* CMake Rules */,
				890020D49DDE484C98011D00 /* /Users/alex/Documents/JUCE/CMakeLists.txt */,
			);
			name = ALL_BUILD;
			sourceTree = "<group>";
		};
		AE3AA0E8DD7D4FD88ADC3052 /* Resources */ = {
			isa = PBXGroup;
			children = (
			);
			name = Resources;
			sourceTree = "<group>";
		};
		D284402EF778434092405BE8 /* juceaide */ = {
			isa = PBXGroup;
			children = (
				FA7EA72A546A4CFB94FA99B8 /* Source Files */,
				11E27BC269E047BB91ABA5C2 /* /Users/alex/Documents/JUCE/extras/Build/juceaide/CMakeLists.txt */,
			);
			name = juceaide;
			sourceTree = "<group>";
		};
		FA7EA72A546A4CFB94FA99B8 /* Source Files */ = {
			isa = PBXGroup;
			children = (
				73BEA190F9FB4F1EAAE0AF25 /* /Users/alex/Documents/JUCE/extras/Build/juce_build_tools/juce_build_tools.cpp */,
				C940327A15B04A2282B76CDF /* /Users/alex/Documents/JUCE/extras/Build/juceaide/Main.cpp */,
				1B474F2144304D249739E3A0 /* /Users/alex/Documents/JUCE/modules/juce_core/juce_core.mm */,
				2F83DAE1EF5B4C8D86D39231 /* /Users/alex/Documents/JUCE/modules/juce_core/juce_core_CompilationTime.cpp */,
				510A1797C5A64C0FB5C44D23 /* /Users/alex/Documents/JUCE/modules/juce_data_structures/juce_data_structures.mm */,
				1D3CA2F472474A6D95C0BC9C /* /Users/alex/Documents/JUCE/modules/juce_events/juce_events.mm */,
				07F2C118B50F4C68B9DA74EB /* /Users/alex/Documents/JUCE/modules/juce_graphics/juce_graphics.mm */,
				C1F71261C88D47BDB4F21C5B /* /Users/alex/Documents/JUCE/modules/juce_graphics/juce_graphics_Harfbuzz.cpp */,
				B3AF9B49E76346F1AD691444 /* /Users/alex/Documents/JUCE/modules/juce_graphics/juce_graphics_Sheenbidi.c */,
				23E7E1180EE24C12B0849FB8 /* /Users/alex/Documents/JUCE/modules/juce_gui_basics/juce_gui_basics.mm */,
			);
			name = "Source Files";
			sourceTree = "<group>";
		};
		FC1EA22728BB4C9CB1334A51 = {
			isa = PBXGroup;
			children = (
				79414D32B4F64F608E72ACF8 /* ALL_BUILD */,
				D284402EF778434092405BE8 /* juceaide */,
				0B0FAF26CB4F4C3DBA492DEC /* Products */,
				4B07B293229B4BC09868A04F /* Frameworks */,
				AE3AA0E8DD7D4FD88ADC3052 /* Resources */,
			);
			sourceTree = "<group>";
		};
/* End PBXGroup section */

/* Begin PBXNativeTarget section */
		CEE75BB69C85C9BCBA6ECC35 /* juceaide */ = {
			isa = PBXNativeTarget;
			buildConfigurationList = E29D5BF69668445FB9998828 /* Build configuration list for PBXNativeTarget "juceaide" */;
			buildPhases = (
				9A0CC083F3AD4BCB926884B2 /* Sources */,
				E767EEF391584F818A67C645 /* Frameworks */,
			);
			buildRules = (
			);
			dependencies = (
				ABE42947C86B42DBBF9FB4AA /* PBXTargetDependency */,
			);
			name = juceaide;
			productName = juceaide;
			productReference = 4822AE32E4984652913AAB8B /* juceaide */;
			productType = "com.apple.product-type.tool";
		};
/* End PBXNativeTarget section */

/* Begin PBXProject section */
		F6D1CBD152B5454A8F61779A /* Project object */ = {
			isa = PBXProject;
			attributes = {
				BuildIndependentTargetsInParallel = YES;
				LastUpgradeCheck = 2630;
			};
			buildConfigurationList = A0212FE4DB2E49D098EAC715 /* Build configuration list for PBXProject "JUCE" */;
			buildSettings = {
			};
			buildStyles = (
				2FB8EBACD93F4DC9845AF874 /* Custom */,
			);
			compatibilityVersion = "Xcode 3.2";
			hasScannedForEncodings = 0;
			mainGroup = FC1EA22728BB4C9CB1334A51;
			projectDirPath = /Users/alex/Documents/JUCE;
			projectRoot = "";
			targets = (
				0822205BE1B9DA64614D1FE8 /* ALL_BUILD */,
				97DF8839B28C64A0356511F0 /* install */,
				CEE75BB69C85C9BCBA6ECC35 /* juceaide */,
				72A32CF64FA43F321408B954 /* ZERO_CHECK */,
			);
		};
/* End PBXProject section */

/* Begin PBXShellScriptBuildPhase section */
		3C0110FC8322DE7E50886E21 = {
			isa = PBXShellScriptBuildPhase;
			buildActionMask = 2147483647;
			files = (
			);
			inputPaths = (
			);
			outputPaths = (
			);
			runOnlyForDeploymentPostprocessing = 0;
			shellPath = /bin/sh;
			shellScript = "# shell script goes here
exit 0";
			showEnvVarsInLog = 0;
		};
		473A08349CF8458F1CA9015E /* Generate CMakeFiles/ZERO_CHECK */ = {
			isa = PBXShellScriptBuildPhase;
			alwaysOutOfDate = 1;
			buildActionMask = 2147483647;
			files = (
			);
			inputPaths = (
			);
			name = "Generate CMakeFiles/ZERO_CHECK";
			outputPaths = (
"/Users/alex/Documents/Github/round-robin-lite/NewProject/Builds/MacOSX/JUCE/tools/CMakeFiles/ZERO_CHECK"			);
			runOnlyForDeploymentPostprocessing = 0;
			shellPath = /bin/sh;
			shellScript = "set -e
if test \"$CONFIGURATION\" = \"Custom\"; then :
  cd /Users/alex/Documents/Github/round-robin-lite/NewProject/Builds/MacOSX/JUCE/tools
  make -f /Users/alex/Documents/Github/round-robin-lite/NewProject/Builds/MacOSX/JUCE/tools/CMakeScripts/ReRunCMake.make
fi
";
			showEnvVarsInLog = 0;
		};
		87AF4882E018677E2624B544 = {
			isa = PBXShellScriptBuildPhase;
			buildActionMask = 2147483647;
			files = (
			);
			inputPaths = (
			);
			outputPaths = (
			);
			runOnlyForDeploymentPostprocessing = 0;
			shellPath = /bin/sh;
			shellScript = "# shell script goes here
exit 0";
			showEnvVarsInLog = 0;
		};
		93426DA6A4AC2C2AC9CE883C /* CMake PostBuild Rules */ = {
			isa = PBXShellScriptBuildPhase;
			alwaysOutOfDate = 1;
			buildActionMask = 2147483647;
			files = (
			);
			inputPaths = (
			);
			name = "CMake PostBuild Rules";
			outputPaths = (
			);
			runOnlyForDeploymentPostprocessing = 0;
			shellPath = /bin/sh;
			shellScript = "set -e
if test \"$CONFIGURATION\" = \"Custom\"; then :
  cd /Users/alex/Documents/Github/round-robin-lite/NewProject/Builds/MacOSX/JUCE/tools
  /opt/homebrew/bin/cmake -DBUILD_TYPE=$CONFIGURATION$EFFECTIVE_PLATFORM_NAME -P cmake_install.cmake
fi
";
			showEnvVarsInLog = 0;
		};
		9B50530E35CC49C82C2FACCF = {
			isa = PBXShellScriptBuildPhase;
			buildActionMask = 2147483647;
			files = (
			);
			inputPaths = (
			);
			outputPaths = (
			);
			runOnlyForDeploymentPostprocessing = 0;
			shellPath = /bin/sh;
			shellScript = "# shell script goes here
exit 0";
			showEnvVarsInLog = 0;
		};
		F619A84BD0CF3930A213571D /* Generate CMakeFiles/ALL_BUILD */ = {
			isa = PBXShellScriptBuildPhase;
			alwaysOutOfDate = 1;
			buildActionMask = 2147483647;
			files = (
			);
			inputPaths = (
			);
			name = "Generate CMakeFiles/ALL_BUILD";
			outputPaths = (
"/Users/alex/Documents/Github/round-robin-lite/NewProject/Builds/MacOSX/JUCE/tools/CMakeFiles/ALL_BUILD"			);
			runOnlyForDeploymentPostprocessing = 0;
			shellPath = /bin/sh;
			shellScript = "set -e
if test \"$CONFIGURATION\" = \"Custom\"; then :
  cd /Users/alex/Documents/Github/round-robin-lite/NewProject/Builds/MacOSX/JUCE/tools
  echo Build\\ all\\ projects
fi
";
			showEnvVarsInLog = 0;
		};
/* End PBXShellScriptBuildPhase section */

/* Begin PBXSourcesBuildPhase section */
		9A0CC083F3AD4BCB926884B2 /* Sources */ = {
			isa = PBXSourcesBuildPhase;
			buildActionMask = 2147483647;
			files = (
				EA2546BE3D424741AB883891 /* /Users/alex/Documents/JUCE/extras/Build/juce_build_tools/juce_build_tools.cpp */,
				561CB1D0F6A240D68FF84657 /* /Users/alex/Documents/JUCE/extras/Build/juceaide/Main.cpp */,
				054A67C096C94DA78CFA1718 /* /Users/alex/Documents/JUCE/modules/juce_core/juce_core.mm */,
				8A355DEE6E064E178190AE3B /* /Users/alex/Documents/JUCE/modules/juce_core/juce_core_CompilationTime.cpp */,
				462455037C6B4FB5AE8E753F /* /Users/alex/Documents/JUCE/modules/juce_data_structures/juce_data_structures.mm */,
				A14C6A459147442B85FF9956 /* /Users/alex/Documents/JUCE/modules/juce_events/juce_events.mm */,
				DEFEBCDD2DCE48698B8AD5CF /* /Users/alex/Documents/JUCE/modules/juce_graphics/juce_graphics.mm */,
				65F6A20209E643149D40E618 /* /Users/alex/Documents/JUCE/modules/juce_graphics/juce_graphics_Harfbuzz.cpp */,
				D87B21DFC80B42759057885E /* /Users/alex/Documents/JUCE/modules/juce_graphics/juce_graphics_Sheenbidi.c */,
				8DF1659450D74218B9660E07 /* /Users/alex/Documents/JUCE/modules/juce_gui_basics/juce_gui_basics.mm */,
			);
			runOnlyForDeploymentPostprocessing = 0;
		};
/* End PBXSourcesBuildPhase section */

/* Begin PBXTargetDependency section */
		19A4092D40D64F17950DD846 /* PBXTargetDependency */ = {
			isa = PBXTargetDependency;
			target = 72A32CF64FA43F321408B954 /* ZERO_CHECK */;
			targetProxy = 66491FE3416D402FB4C2FEAF /* PBXContainerItemProxy */;
		};
		3F7D403368944773AE93F77D /* PBXTargetDependency */ = {
			isa = PBXTargetDependency;
			target = 0822205BE1B9DA64614D1FE8 /* ALL_BUILD */;
			targetProxy = 12D28051CF1A48F1AC72A3C6 /* PBXContainerItemProxy */;
		};
		ABE42947C86B42DBBF9FB4AA /* PBXTargetDependency */ = {
			isa = PBXTargetDependency;
			target = 72A32CF64FA43F321408B954 /* ZERO_CHECK */;
			targetProxy = 4312B52778C5483BB19530E6 /* PBXContainerItemProxy */;
		};
		CAE76093C10C49A9B0A2D4C3 /* PBXTargetDependency */ = {
			isa = PBXTargetDependency;
			target = CEE75BB69C85C9BCBA6ECC35 /* juceaide */;
			targetProxy = F3F85B6A961C44EDABC6FFBD /* PBXContainerItemProxy */;
		};
/* End PBXTargetDependency section */

/* Begin XCBuildConfiguration section */
		80BB72FE986643958B7952EE /* Custom */ = {
			isa = XCBuildConfiguration;
			buildSettings = {
				ARCHS = arm64;
				SDKROOT = "";
				SWIFT_COMPILATION_MODE = wholemodule;
				SYMROOT = "/Users/alex/Documents/Github/round-robin-lite/NewProject/Builds/MacOSX/JUCE/tools/build";
			};
			name = Custom;
		};
		9DF267C0373A487DB5E65930 /* Custom */ = {
			isa = XCBuildConfiguration;
			buildSettings = {
				ALWAYS_SEARCH_USER_PATHS = NO;
				ARCHS = arm64;
				COMBINE_HIDPI_IMAGES = YES;
				GCC_GENERATE_DEBUGGING_SYMBOLS = YES;
				GCC_INLINES_ARE_PRIVATE_EXTERN = NO;
				GCC_OPTIMIZATION_LEVEL = 0;
				GCC_PREPROCESSOR_DEFINITIONS = ("'CMAKE_INTDIR=\"$(CONFIGURATION)$(EFFECTIVE_PLATFORM_NAME)\"'","$(inherited)");
				GCC_SYMBOLS_PRIVATE_EXTERN = NO;
				INSTALL_PATH = "";
				ONLY_ACTIVE_ARCH = NO;
				OTHER_LDFLAGS = ("","$(inherited)");
				OTHER_REZFLAGS = "";
				PRODUCT_NAME = ALL_BUILD;
				SECTORDER_FLAGS = "";
				USE_HEADERMAP = NO;
				WARNING_CFLAGS = ("$(inherited)");
			};
			name = Custom;
		};
		A82FCA2357AB44FF9ECCC13D /* Custom */ = {
			isa = XCBuildConfiguration;
			buildSettings = {
				ALWAYS_SEARCH_USER_PATHS = NO;
				ARCHS = arm64;
				COMBINE_HIDPI_IMAGES = YES;
				CONFIGURATION_BUILD_DIR = "/Users/alex/Documents/Github/round-robin-lite/NewProject/Builds/MacOSX/JUCE/tools/extras/Build/juceaide/juceaide_artefacts/Custom";
				EXECUTABLE_PREFIX = "";
				EXECUTABLE_SUFFIX = "";
				GCC_GENERATE_DEBUGGING_SYMBOLS = NO;
				GCC_INLINES_ARE_PRIVATE_EXTERN = NO;
				GCC_OPTIMIZATION_LEVEL = 0;
				GCC_PREPROCESSOR_DEFINITIONS = ("'CMAKE_INTDIR=\"$(CONFIGURATION)$(EFFECTIVE_PLATFORM_NAME)\"'","'JUCE_STANDALONE_APPLICATION=1'","'JUCE_DISABLE_JUCE_VERSION_PRINTING=1'","'JUCE_USE_CURL=0'","'JUCE_SILENCE_XCODE_15_LINKER_WARNING=1'","'JUCE_MODULE_AVAILABLE_juce_build_tools=1'","'JUCE_MODULE_AVAILABLE_juce_gui_basics=1'","'JUCE_MODULE_AVAILABLE_juce_graphics=1'","'JUCE_MODULE_AVAILABLE_juce_events=1'","'JUCE_GLOBAL_MODULE_SETTINGS_INCLUDED=1'","'NDEBUG=1'","'_NDEBUG=1'","'JUCE_MODULE_AVAILABLE_juce_core=1'","'JUCE_MODULE_AVAILABLE_juce_data_structures=1'","$(inherited)");
				GCC_SYMBOLS_PRIVATE_EXTERN = NO;
				HEADER_SEARCH_PATHS = ("/Users/alex/Documents/Github/round-robin-lite/NewProject/Builds/MacOSX/JUCE/tools/extras/Build/juceaide/juceaide_artefacts/JuceLibraryCode",/Users/alex/Documents/JUCE/extras/Build,/Users/alex/Documents/JUCE/modules,"$(inherited)");
				INSTALL_PATH = "";
				ONLY_ACTIVE_ARCH = NO;
				OTHER_CFLAGS = ("-Wall -Wshadow-all -Wshorten-64-to-32 -Wstrict-aliasing -Wuninitialized -Wunused-parameter -Wconversion -Wsign-compare -Wint-conversion -Wconditional-uninitialized -Wconstant-conversion -Wsign-conversion -Wbool-conversion -Wextra-semi -Wunreachable-code -Wcast-align -Wshift-sign-overflow -Wmissing-prototypes -Wnullable-to-nonnull-conversion -Wno-ignored-qualifiers -Wswitch-enum -Wpedantic -Wdeprecated -Wfloat-equal -Wmissing-field-initializers ","$(inherited)");
				OTHER_CPLUSPLUSFLAGS = "'-std=c++17' -Wall -Wshadow-all -Wshorten-64-to-32 -Wstrict-aliasing -Wuninitialized -Wunused-parameter -Wconversion -Wsign-compare -Wint-conversion -Wconditional-uninitialized -Wconstant-conversion -Wsign-conversion -Wbool-conversion -Wextra-semi -Wunreachable-code -Wcast-align -Wshift-sign-overflow -Wmissing-prototypes -Wnullable-to-nonnull-conversion -Wno-ignored-qualifiers -Wswitch-enum -Wpedantic -Wdeprecated -Wfloat-equal -Wmissing-field-initializers -Wzero-as-null-pointer-constant -Wunused-private-field -Woverloaded-virtual -Wreorder -Winconsistent-missing-destructor-override ";
				OTHER_LDFLAGS = (" -Wl,-search_paths_first -Wl,-headerpad_max_install_names","-weak_framework Metal","-weak_framework MetalKit","-framework QuartzCore","-framework Cocoa","-framework Foundation","-framework IOKit","-framework Security","$(inherited)");
				OTHER_REZFLAGS = "";
				PRODUCT_NAME = juceaide;
				SECTORDER_FLAGS = "";
				TARGET_TEMP_DIR = "/Users/alex/Documents/Github/round-robin-lite/NewProject/Builds/MacOSX/JUCE/tools/build/juceaide.build/$(CONFIGURATION)$(EFFECTIVE_PLATFORM_NAME)";
				USE_HEADERMAP = NO;
				WARNING_CFLAGS = ("$(inherited)");
			};
			name = Custom;
		};
		B41784F4DB46420EB61FE7F8 /* Custom */ = {
			isa = XCBuildConfiguration;
			buildSettings = {
				ALWAYS_SEARCH_USER_PATHS = NO;
				ARCHS = arm64;
				COMBINE_HIDPI_IMAGES = YES;
				GCC_GENERATE_DEBUGGING_SYMBOLS = YES;
				GCC_INLINES_ARE_PRIVATE_EXTERN = NO;
				GCC_OPTIMIZATION_LEVEL = 0;
				GCC_PREPROCESSOR_DEFINITIONS = ("'CMAKE_INTDIR=\"$(CONFIGURATION)$(EFFECTIVE_PLATFORM_NAME)\"'","$(inherited)");
				GCC_SYMBOLS_PRIVATE_EXTERN = NO;
				INSTALL_PATH = "";
				ONLY_ACTIVE_ARCH = NO;
				OTHER_LDFLAGS = ("","$(inherited)");
				OTHER_REZFLAGS = "";
				PRODUCT_NAME = ZERO_CHECK;
				SECTORDER_FLAGS = "";
				USE_HEADERMAP = NO;
				WARNING_CFLAGS = ("$(inherited)");
			};
			name = Custom;
		};
		CDF78F3EA1734B919FF361D0 /* Custom */ = {
			isa = XCBuildConfiguration;
			buildSettings = {
				ALWAYS_SEARCH_USER_PATHS = NO;
				ARCHS = arm64;
				COMBINE_HIDPI_IMAGES = YES;
				GCC_GENERATE_DEBUGGING_SYMBOLS = YES;
				GCC_INLINES_ARE_PRIVATE_EXTERN = NO;
				GCC_OPTIMIZATION_LEVEL = 0;
				GCC_PREPROCESSOR_DEFINITIONS = ("'CMAKE_INTDIR=\"$(CONFIGURATION)$(EFFECTIVE_PLATFORM_NAME)\"'","$(inherited)");
				GCC_SYMBOLS_PRIVATE_EXTERN = NO;
				INSTALL_PATH = "";
				ONLY_ACTIVE_ARCH = NO;
				OTHER_LDFLAGS = ("","$(inherited)");
				OTHER_REZFLAGS = "";
				PRODUCT_NAME = install;
				SECTORDER_FLAGS = "";
				USE_HEADERMAP = NO;
				WARNING_CFLAGS = ("$(inherited)");
			};
			name = Custom;
		};
/* End XCBuildConfiguration section */

/* Begin XCConfigurationList section */
		6DE237A522584DC0B751B31E /* Build configuration list for PBXAggregateTarget "install" */ = {
			isa = XCConfigurationList;
			buildConfigurations = (
				CDF78F3EA1734B919FF361D0 /* Custom */,
			);
			defaultConfigurationIsVisible = 0;
			defaultConfigurationName = Custom;
		};
		75478EDB228748AB8FB363B3 /* Build configuration list for PBXAggregateTarget "ZERO_CHECK" */ = {
			isa = XCConfigurationList;
			buildConfigurations = (
				B41784F4DB46420EB61FE7F8 /* Custom */,
			);
			defaultConfigurationIsVisible = 0;
			defaultConfigurationName = Custom;
		};
		A0212FE4DB2E49D098EAC715 /* Build configuration list for PBXProject "JUCE" */ = {
			isa = XCConfigurationList;
			buildConfigurations = (
				80BB72FE986643958B7952EE /* Custom */,
			);
			defaultConfigurationIsVisible = 0;
			defaultConfigurationName = Custom;
		};
		E114DDF50B624E468970398F /* Build configuration list for PBXAggregateTarget "ALL_BUILD" */ = {
			isa = XCConfigurationList;
			buildConfigurations = (
				9DF267C0373A487DB5E65930 /* Custom */,
			);
			defaultConfigurationIsVisible = 0;
			defaultConfigurationName = Custom;
		};
		E29D5BF69668445FB9998828 /* Build configuration list for PBXNativeTarget "juceaide" */ = {
			isa = XCConfigurationList;
			buildConfigurations = (
				A82FCA2357AB44FF9ECCC13D /* Custom */,
			);
			defaultConfigurationIsVisible = 0;
			defaultConfigurationName = Custom;
		};
/* End XCConfigurationList section */
	};
	rootObject = F6D1CBD152B5454A8F61779A /* Project object */;
}
